Microsoft Visual Studio Solution File, Format Version 10.00
# Visual Studio 2008
Project("{8BC9CEB8-8B4A-11D0-8D11-00A0C91BC942}") = "ALL_BUILD", "ALL_BUILD.vcproj", "{2964F2A0-8574-47DF-842A-4A03D0BFF58A}"
	ProjectSection(ProjectDependencies) = postProject
		{356F5FF4-CF78-4821-BA6A-1BA11A05BF4E} = {356F5FF4-CF78-4821-BA6A-1BA11A05BF4E}
		{1515B9B4-D70F-4258-B015-C1D5D63C03B6} = {1515B9B4-D70F-4258-B015-C1D5D63C03B6}
		{658DEB6D-7FA4-4849-B5B9-B756A1AD7358} = {658DEB6D-7FA4-4849-B5B9-B756A1AD7358}
		{3AED2821-1ADD-47B6-A642-175681545A95} = {3AED2821-1ADD-47B6-A642-175681545A95}
		{9180E389-AB67-4993-B11C-2DED60E862B3} = {9180E389-AB67-4993-B11C-2DED60E862B3}
		{46C331AE-4E67-453A-A1B1-34B09EFE6AF4} = {46C331AE-4E67-453A-A1B1-34B09EFE6AF4}
		{0A3F3531-63D7-46EC-B0F6-20D8DFE52763} = {0A3F3531-63D7-46EC-B0F6-20D8DFE52763}
		{0BB94BF3-3181-483A-98A1-CC12C7D6CD52} = {0BB94BF3-3181-483A-98A1-CC12C7D6CD52}
		{65260B0F-B88C-42B8-AEAA-2070C13465F9} = {65260B0F-B88C-42B8-AEAA-2070C13465F9}
		{CA2C6C65-79D0-4648-8922-C16C8517747A} = {CA2C6C65-79D0-4648-8922-C16C8517747A}
		{B5782D8E-EEFE-4792-8D19-B092415C4E93} = {B5782D8E-EEFE-4792-8D19-B092415C4E93}
		{02A38525-E53D-4618-991F-780E62321E5A} = {02A38525-E53D-4618-991F-780E62321E5A}
		{74787C31-A0D0-41C8-90E9-28E12D6B1052} = {74787C31-A0D0-41C8-90E9-28E12D6B1052}
		{36600139-F2EC-49DA-B9A5-A97657EA2F59} = {36600139-F2EC-49DA-B9A5-A97657EA2F59}
		{15AD0531-3DE9-4053-AB45-441470D80FB2} = {15AD0531-3DE9-4053-AB45-441470D80FB2}
		{29B9AD22-B7D0-40C6-9ADB-2A1F1A751E5F} = {29B9AD22-B7D0-40C6-9ADB-2A1F1A751E5F}
		{6E04922F-CE16-4DA0-82D0-8741BB621911} = {6E04922F-CE16-4DA0-82D0-8741BB621911}
		{CC50EC48-3E7F-42D2-B6A3-42502958F645} = {CC50EC48-3E7F-42D2-B6A3-42502958F645}
		{871F8C27-FBC4-4BA6-B832-3145AFD77C87} = {871F8C27-FBC4-4BA6-B832-3145AFD77C87}
		{F07DA6AF-ECBA-47F2-AA9C-9104C7D44E70} = {F07DA6AF-ECBA-47F2-AA9C-9104C7D44E70}
		{AD0C84C9-4D41-41F6-90FA-BB99CF0ADA39} = {AD0C84C9-4D41-41F6-90FA-BB99CF0ADA39}
		{AEAA899D-0102-4CF9-B6E1-1110BC0104C3} = {AEAA899D-0102-4CF9-B6E1-1110BC0104C3}
		{ACD214A6-9CC2-48FC-B86C-DDABD4962CFB} = {ACD214A6-9CC2-48FC-B86C-DDABD4962CFB}
		{09EA9A78-BDF8-4B7F-91A0-75331DBA8EBD} = {09EA9A78-BDF8-4B7F-91A0-75331DBA8EBD}
		{AF8CDF76-6743-4765-BF2D-62ED37CAC382} = {AF8CDF76-6743-4765-BF2D-62ED37CAC382}
		{F840038B-91C2-44F0-985D-6A247C3C031E} = {F840038B-91C2-44F0-985D-6A247C3C031E}
		{938A4AEB-C7C0-4188-8512-3C23DACC685D} = {938A4AEB-C7C0-4188-8512-3C23DACC685D}
		{C1AE1E5B-B6E3-489F-8969-D0F65CE18855} = {C1AE1E5B-B6E3-489F-8969-D0F65CE18855}
		{F5F61603-1200-441E-8EDB-AC30E597CEE2} = {F5F61603-1200-441E-8EDB-AC30E597CEE2}
		{8BEEF5ED-85FF-46FC-8453-31CE913DF77A} = {8BEEF5ED-85FF-46FC-8453-31CE913DF77A}
		{8E790C0E-E8E9-4D38-BBD2-DC8A346175FE} = {8E790C0E-E8E9-4D38-BBD2-DC8A346175FE}
		{8021D082-F9DF-41CC-BA19-DD94666FECB6} = {8021D082-F9DF-41CC-BA19-DD94666FECB6}
		{E01F2F6D-EEBE-4AD7-BBCD-9511AA4F6908} = {E01F2F6D-EEBE-4AD7-BBCD-9511AA4F6908}
		{CFC64F87-0EF4-4377-8409-6C0694EB3BDD} = {CFC64F87-0EF4-4377-8409-6C0694EB3BDD}
		{A8E5AA4B-D93A-4948-BB26-10AD469855B5} = {A8E5AA4B-D93A-4948-BB26-10AD469855B5}
		{76714CCC-B924-474C-8634-2A3FFF8CD6D7} = {76714CCC-B924-474C-8634-2A3FFF8CD6D7}
		{E994B9E4-13B8-4E08-8D22-AF46A89CCB7A} = {E994B9E4-13B8-4E08-8D22-AF46A89CCB7A}
		{5C1D8CA3-F699-4B0F-95D1-F35825EEB040} = {5C1D8CA3-F699-4B0F-95D1-F35825EEB040}
		{9D6B77BD-8A3F-43B0-A510-8C17E319FB28} = {9D6B77BD-8A3F-43B0-A510-8C17E319FB28}
		{1DF55A92-A50E-4135-BB79-56A4014E9477} = {1DF55A92-A50E-4135-BB79-56A4014E9477}
		{831E5AC8-6043-4581-BB13-DC49DECC1885} = {831E5AC8-6043-4581-BB13-DC49DECC1885}
		{8DFB0420-8322-451E-96CC-2289BD125132} = {8DFB0420-8322-451E-96CC-2289BD125132}
		{A473ADA2-9647-4AF6-A071-9A125708785A} = {A473ADA2-9647-4AF6-A071-9A125708785A}
		{0B3D5BE4-217B-4177-AE1C-1F9255E0453B} = {0B3D5BE4-217B-4177-AE1C-1F9255E0453B}
		{3B99CC96-2F77-4371-BD40-67B06CBF3FDC} = {3B99CC96-2F77-4371-BD40-67B06CBF3FDC}
		{DA39F37C-18F4-410B-8121-2442A1D7AF90} = {DA39F37C-18F4-410B-8121-2442A1D7AF90}
		{16E1F6E2-5BD2-4C78-9E13-08899653C3D0} = {16E1F6E2-5BD2-4C78-9E13-08899653C3D0}
		{90976E40-454E-41CC-86ED-62D68716BCAA} = {90976E40-454E-41CC-86ED-62D68716BCAA}
		{E0E49BEA-1791-4EA4-AAD2-16025E44FD2E} = {E0E49BEA-1791-4EA4-AAD2-16025E44FD2E}
		{82578A20-C444-4F09-8123-675CF734A5FC} = {82578A20-C444-4F09-8123-675CF734A5FC}
		{E13CEEF5-DB1E-452D-B772-AFB52AE6DBCB} = {E13CEEF5-DB1E-452D-B772-AFB52AE6DBCB}
		{F2DCC48B-0841-4271-A523-2DD92E9F9B46} = {F2DCC48B-0841-4271-A523-2DD92E9F9B46}
		{1E5506A2-972D-4A13-8ECB-7DEB4AF58938} = {1E5506A2-972D-4A13-8ECB-7DEB4AF58938}
		{75EDD423-2A36-4C69-BCA4-AA75AEE2B0E7} = {75EDD423-2A36-4C69-BCA4-AA75AEE2B0E7}
		{D91214C6-0629-4530-BC26-F0B6B196D75D} = {D91214C6-0629-4530-BC26-F0B6B196D75D}
		{C986D643-2173-45EA-AE01-07CD5FA984E5} = {C986D643-2173-45EA-AE01-07CD5FA984E5}
	EndProjectSection
EndProject
Project("{8BC9CEB8-8B4A-11D0-8D11-00A0C91BC942}") = "AppAllBulletDemos", "Demos\AllBulletDemos\AppAllBulletDemos.vcproj", "{356F5FF4-CF78-4821-BA6A-1BA11A05BF4E}"
	ProjectSection(ProjectDependencies) = postProject
		{1DF55A92-A50E-4135-BB79-56A4014E9477} = {1DF55A92-A50E-4135-BB79-56A4014E9477}
		{831E5AC8-6043-4581-BB13-DC49DECC1885} = {831E5AC8-6043-4581-BB13-DC49DECC1885}
		{8DFB0420-8322-451E-96CC-2289BD125132} = {8DFB0420-8322-451E-96CC-2289BD125132}
		{A473ADA2-9647-4AF6-A071-9A125708785A} = {A473ADA2-9647-4AF6-A071-9A125708785A}
		{0B3D5BE4-217B-4177-AE1C-1F9255E0453B} = {0B3D5BE4-217B-4177-AE1C-1F9255E0453B}
		{16E1F6E2-5BD2-4C78-9E13-08899653C3D0} = {16E1F6E2-5BD2-4C78-9E13-08899653C3D0}
		{90976E40-454E-41CC-86ED-62D68716BCAA} = {90976E40-454E-41CC-86ED-62D68716BCAA}
		{E0E49BEA-1791-4EA4-AAD2-16025E44FD2E} = {E0E49BEA-1791-4EA4-AAD2-16025E44FD2E}
		{82578A20-C444-4F09-8123-675CF734A5FC} = {82578A20-C444-4F09-8123-675CF734A5FC}
		{E13CEEF5-DB1E-452D-B772-AFB52AE6DBCB} = {E13CEEF5-DB1E-452D-B772-AFB52AE6DBCB}
		{1E5506A2-972D-4A13-8ECB-7DEB4AF58938} = {1E5506A2-972D-4A13-8ECB-7DEB4AF58938}
		{D91214C6-0629-4530-BC26-F0B6B196D75D} = {D91214C6-0629-4530-BC26-F0B6B196D75D}
		{C986D643-2173-45EA-AE01-07CD5FA984E5} = {C986D643-2173-45EA-AE01-07CD5FA984E5}
	EndProjectSection
EndProject
Project("{8BC9CEB8-8B4A-11D0-8D11-00A0C91BC942}") = "AppBasicDemo", "Demos\BasicDemo\AppBasicDemo.vcproj", "{1515B9B4-D70F-4258-B015-C1D5D63C03B6}"
	ProjectSection(ProjectDependencies) = postProject
		{1DF55A92-A50E-4135-BB79-56A4014E9477} = {1DF55A92-A50E-4135-BB79-56A4014E9477}
		{831E5AC8-6043-4581-BB13-DC49DECC1885} = {831E5AC8-6043-4581-BB13-DC49DECC1885}
		{1E5506A2-972D-4A13-8ECB-7DEB4AF58938} = {1E5506A2-972D-4A13-8ECB-7DEB4AF58938}
		{D91214C6-0629-4530-BC26-F0B6B196D75D} = {D91214C6-0629-4530-BC26-F0B6B196D75D}
		{C986D643-2173-45EA-AE01-07CD5FA984E5} = {C986D643-2173-45EA-AE01-07CD5FA984E5}
	EndProjectSection
EndProject
Project("{8BC9CEB8-8B4A-11D0-8D11-00A0C91BC942}") = "AppBenchmarks", "Demos\Benchmarks\AppBenchmarks.vcproj", "{658DEB6D-7FA4-4849-B5B9-B756A1AD7358}"
	ProjectSection(ProjectDependencies) = postProject
		{1DF55A92-A50E-4135-BB79-56A4014E9477} = {1DF55A92-A50E-4135-BB79-56A4014E9477}
		{831E5AC8-6043-4581-BB13-DC49DECC1885} = {831E5AC8-6043-4581-BB13-DC49DECC1885}
		{1E5506A2-972D-4A13-8ECB-7DEB4AF58938} = {1E5506A2-972D-4A13-8ECB-7DEB4AF58938}
		{D91214C6-0629-4530-BC26-F0B6B196D75D} = {D91214C6-0629-4530-BC26-F0B6B196D75D}
		{C986D643-2173-45EA-AE01-07CD5FA984E5} = {C986D643-2173-45EA-AE01-07CD5FA984E5}
	EndProjectSection
EndProject
Project("{8BC9CEB8-8B4A-11D0-8D11-00A0C91BC942}") = "AppBox2dDemo", "Demos\Box2dDemo\AppBox2dDemo.vcproj", "{3AED2821-1ADD-47B6-A642-175681545A95}"
	ProjectSection(ProjectDependencies) = postProject
		{1DF55A92-A50E-4135-BB79-56A4014E9477} = {1DF55A92-A50E-4135-BB79-56A4014E9477}
		{831E5AC8-6043-4581-BB13-DC49DECC1885} = {831E5AC8-6043-4581-BB13-DC49DECC1885}
		{1E5506A2-972D-4A13-8ECB-7DEB4AF58938} = {1E5506A2-972D-4A13-8ECB-7DEB4AF58938}
		{D91214C6-0629-4530-BC26-F0B6B196D75D} = {D91214C6-0629-4530-BC26-F0B6B196D75D}
		{C986D643-2173-45EA-AE01-07CD5FA984E5} = {C986D643-2173-45EA-AE01-07CD5FA984E5}
	EndProjectSection
EndProject
Project("{8BC9CEB8-8B4A-11D0-8D11-00A0C91BC942}") = "AppBspPhysicsDemo", "Demos\BspDemo\AppBspPhysicsDemo.vcproj", "{9180E389-AB67-4993-B11C-2DED60E862B3}"
	ProjectSection(ProjectDependencies) = postProject
		{1DF55A92-A50E-4135-BB79-56A4014E9477} = {1DF55A92-A50E-4135-BB79-56A4014E9477}
		{831E5AC8-6043-4581-BB13-DC49DECC1885} = {831E5AC8-6043-4581-BB13-DC49DECC1885}
		{1E5506A2-972D-4A13-8ECB-7DEB4AF58938} = {1E5506A2-972D-4A13-8ECB-7DEB4AF58938}
		{D91214C6-0629-4530-BC26-F0B6B196D75D} = {D91214C6-0629-4530-BC26-F0B6B196D75D}
		{C986D643-2173-45EA-AE01-07CD5FA984E5} = {C986D643-2173-45EA-AE01-07CD5FA984E5}
	EndProjectSection
EndProject
Project("{8BC9CEB8-8B4A-11D0-8D11-00A0C91BC942}") = "AppCcdPhysicsDemo", "Demos\CcdPhysicsDemo\AppCcdPhysicsDemo.vcproj", "{46C331AE-4E67-453A-A1B1-34B09EFE6AF4}"
	ProjectSection(ProjectDependencies) = postProject
		{1DF55A92-A50E-4135-BB79-56A4014E9477} = {1DF55A92-A50E-4135-BB79-56A4014E9477}
		{831E5AC8-6043-4581-BB13-DC49DECC1885} = {831E5AC8-6043-4581-BB13-DC49DECC1885}
		{1E5506A2-972D-4A13-8ECB-7DEB4AF58938} = {1E5506A2-972D-4A13-8ECB-7DEB4AF58938}
		{D91214C6-0629-4530-BC26-F0B6B196D75D} = {D91214C6-0629-4530-BC26-F0B6B196D75D}
		{C986D643-2173-45EA-AE01-07CD5FA984E5} = {C986D643-2173-45EA-AE01-07CD5FA984E5}
	EndProjectSection
EndProject
Project("{8BC9CEB8-8B4A-11D0-8D11-00A0C91BC942}") = "AppCharacterDemo", "Demos\CharacterDemo\AppCharacterDemo.vcproj", "{0A3F3531-63D7-46EC-B0F6-20D8DFE52763}"
	ProjectSection(ProjectDependencies) = postProject
		{1DF55A92-A50E-4135-BB79-56A4014E9477} = {1DF55A92-A50E-4135-BB79-56A4014E9477}
		{831E5AC8-6043-4581-BB13-DC49DECC1885} = {831E5AC8-6043-4581-BB13-DC49DECC1885}
		{1E5506A2-972D-4A13-8ECB-7DEB4AF58938} = {1E5506A2-972D-4A13-8ECB-7DEB4AF58938}
		{D91214C6-0629-4530-BC26-F0B6B196D75D} = {D91214C6-0629-4530-BC26-F0B6B196D75D}
		{C986D643-2173-45EA-AE01-07CD5FA984E5} = {C986D643-2173-45EA-AE01-07CD5FA984E5}
	EndProjectSection
EndProject
Project("{8BC9CEB8-8B4A-11D0-8D11-00A0C91BC942}") = "AppCollisionDemo", "Demos\CollisionDemo\AppCollisionDemo.vcproj", "{0BB94BF3-3181-483A-98A1-CC12C7D6CD52}"
	ProjectSection(ProjectDependencies) = postProject
		{1DF55A92-A50E-4135-BB79-56A4014E9477} = {1DF55A92-A50E-4135-BB79-56A4014E9477}
		{831E5AC8-6043-4581-BB13-DC49DECC1885} = {831E5AC8-6043-4581-BB13-DC49DECC1885}
		{1E5506A2-972D-4A13-8ECB-7DEB4AF58938} = {1E5506A2-972D-4A13-8ECB-7DEB4AF58938}
		{D91214C6-0629-4530-BC26-F0B6B196D75D} = {D91214C6-0629-4530-BC26-F0B6B196D75D}
		{C986D643-2173-45EA-AE01-07CD5FA984E5} = {C986D643-2173-45EA-AE01-07CD5FA984E5}
	EndProjectSection
EndProject
Project("{8BC9CEB8-8B4A-11D0-8D11-00A0C91BC942}") = "AppCollisionInterfaceDemo", "Demos\CollisionInterfaceDemo\AppCollisionInterfaceDemo.vcproj", "{65260B0F-B88C-42B8-AEAA-2070C13465F9}"
	ProjectSection(ProjectDependencies) = postProject
		{1DF55A92-A50E-4135-BB79-56A4014E9477} = {1DF55A92-A50E-4135-BB79-56A4014E9477}
		{831E5AC8-6043-4581-BB13-DC49DECC1885} = {831E5AC8-6043-4581-BB13-DC49DECC1885}
		{1E5506A2-972D-4A13-8ECB-7DEB4AF58938} = {1E5506A2-972D-4A13-8ECB-7DEB4AF58938}
		{D91214C6-0629-4530-BC26-F0B6B196D75D} = {D91214C6-0629-4530-BC26-F0B6B196D75D}
		{C986D643-2173-45EA-AE01-07CD5FA984E5} = {C986D643-2173-45EA-AE01-07CD5FA984E5}
	EndProjectSection
EndProject
Project("{8BC9CEB8-8B4A-11D0-8D11-00A0C91BC942}") = "AppConcaveConvexCastDemo", "Demos\ConcaveConvexcastDemo\AppConcaveConvexCastDemo.vcproj", "{CA2C6C65-79D0-4648-8922-C16C8517747A}"
	ProjectSection(ProjectDependencies) = postProject
		{1DF55A92-A50E-4135-BB79-56A4014E9477} = {1DF55A92-A50E-4135-BB79-56A4014E9477}
		{831E5AC8-6043-4581-BB13-DC49DECC1885} = {831E5AC8-6043-4581-BB13-DC49DECC1885}
		{1E5506A2-972D-4A13-8ECB-7DEB4AF58938} = {1E5506A2-972D-4A13-8ECB-7DEB4AF58938}
		{D91214C6-0629-4530-BC26-F0B6B196D75D} = {D91214C6-0629-4530-BC26-F0B6B196D75D}
		{C986D643-2173-45EA-AE01-07CD5FA984E5} = {C986D643-2173-45EA-AE01-07CD5FA984E5}
	EndProjectSection
EndProject
Project("{8BC9CEB8-8B4A-11D0-8D11-00A0C91BC942}") = "AppConcaveDemo", "Demos\ConcaveDemo\AppConcaveDemo.vcproj", "{B5782D8E-EEFE-4792-8D19-B092415C4E93}"
	ProjectSection(ProjectDependencies) = postProject
		{1DF55A92-A50E-4135-BB79-56A4014E9477} = {1DF55A92-A50E-4135-BB79-56A4014E9477}
		{831E5AC8-6043-4581-BB13-DC49DECC1885} = {831E5AC8-6043-4581-BB13-DC49DECC1885}
		{8DFB0420-8322-451E-96CC-2289BD125132} = {8DFB0420-8322-451E-96CC-2289BD125132}
		{16E1F6E2-5BD2-4C78-9E13-08899653C3D0} = {16E1F6E2-5BD2-4C78-9E13-08899653C3D0}
		{1E5506A2-972D-4A13-8ECB-7DEB4AF58938} = {1E5506A2-972D-4A13-8ECB-7DEB4AF58938}
		{D91214C6-0629-4530-BC26-F0B6B196D75D} = {D91214C6-0629-4530-BC26-F0B6B196D75D}
		{C986D643-2173-45EA-AE01-07CD5FA984E5} = {C986D643-2173-45EA-AE01-07CD5FA984E5}
	EndProjectSection
EndProject
Project("{8BC9CEB8-8B4A-11D0-8D11-00A0C91BC942}") = "AppConcaveRayCastDemo", "Demos\ConcaveRaycastDemo\AppConcaveRayCastDemo.vcproj", "{02A38525-E53D-4618-991F-780E62321E5A}"
	ProjectSection(ProjectDependencies) = postProject
		{1DF55A92-A50E-4135-BB79-56A4014E9477} = {1DF55A92-A50E-4135-BB79-56A4014E9477}
		{831E5AC8-6043-4581-BB13-DC49DECC1885} = {831E5AC8-6043-4581-BB13-DC49DECC1885}
		{1E5506A2-972D-4A13-8ECB-7DEB4AF58938} = {1E5506A2-972D-4A13-8ECB-7DEB4AF58938}
		{D91214C6-0629-4530-BC26-F0B6B196D75D} = {D91214C6-0629-4530-BC26-F0B6B196D75D}
		{C986D643-2173-45EA-AE01-07CD5FA984E5} = {C986D643-2173-45EA-AE01-07CD5FA984E5}
	EndProjectSection
EndProject
Project("{8BC9CEB8-8B4A-11D0-8D11-00A0C91BC942}") = "AppConstraintDemo", "Demos\ConstraintDemo\AppConstraintDemo.vcproj", "{74787C31-A0D0-41C8-90E9-28E12D6B1052}"
	ProjectSection(ProjectDependencies) = postProject
		{1DF55A92-A50E-4135-BB79-56A4014E9477} = {1DF55A92-A50E-4135-BB79-56A4014E9477}
		{831E5AC8-6043-4581-BB13-DC49DECC1885} = {831E5AC8-6043-4581-BB13-DC49DECC1885}
		{8DFB0420-8322-451E-96CC-2289BD125132} = {8DFB0420-8322-451E-96CC-2289BD125132}
		{16E1F6E2-5BD2-4C78-9E13-08899653C3D0} = {16E1F6E2-5BD2-4C78-9E13-08899653C3D0}
		{1E5506A2-972D-4A13-8ECB-7DEB4AF58938} = {1E5506A2-972D-4A13-8ECB-7DEB4AF58938}
		{D91214C6-0629-4530-BC26-F0B6B196D75D} = {D91214C6-0629-4530-BC26-F0B6B196D75D}
		{C986D643-2173-45EA-AE01-07CD5FA984E5} = {C986D643-2173-45EA-AE01-07CD5FA984E5}
	EndProjectSection
EndProject
Project("{8BC9CEB8-8B4A-11D0-8D11-00A0C91BC942}") = "AppContinuousConvexCollisionDemo", "Demos\ContinuousConvexCollision\AppContinuousConvexCollisionDemo.vcproj", "{36600139-F2EC-49DA-B9A5-A97657EA2F59}"
	ProjectSection(ProjectDependencies) = postProject
		{1DF55A92-A50E-4135-BB79-56A4014E9477} = {1DF55A92-A50E-4135-BB79-56A4014E9477}
		{831E5AC8-6043-4581-BB13-DC49DECC1885} = {831E5AC8-6043-4581-BB13-DC49DECC1885}
		{1E5506A2-972D-4A13-8ECB-7DEB4AF58938} = {1E5506A2-972D-4A13-8ECB-7DEB4AF58938}
		{D91214C6-0629-4530-BC26-F0B6B196D75D} = {D91214C6-0629-4530-BC26-F0B6B196D75D}
		{C986D643-2173-45EA-AE01-07CD5FA984E5} = {C986D643-2173-45EA-AE01-07CD5FA984E5}
	EndProjectSection
EndProject
Project("{8BC9CEB8-8B4A-11D0-8D11-00A0C91BC942}") = "AppConvexDecompositionDemo", "Demos\ConvexDecompositionDemo\AppConvexDecompositionDemo.vcproj", "{15AD0531-3DE9-4053-AB45-441470D80FB2}"
	ProjectSection(ProjectDependencies) = postProject
		{1DF55A92-A50E-4135-BB79-56A4014E9477} = {1DF55A92-A50E-4135-BB79-56A4014E9477}
		{831E5AC8-6043-4581-BB13-DC49DECC1885} = {831E5AC8-6043-4581-BB13-DC49DECC1885}
		{8DFB0420-8322-451E-96CC-2289BD125132} = {8DFB0420-8322-451E-96CC-2289BD125132}
		{16E1F6E2-5BD2-4C78-9E13-08899653C3D0} = {16E1F6E2-5BD2-4C78-9E13-08899653C3D0}
		{90976E40-454E-41CC-86ED-62D68716BCAA} = {90976E40-454E-41CC-86ED-62D68716BCAA}
		{E13CEEF5-DB1E-452D-B772-AFB52AE6DBCB} = {E13CEEF5-DB1E-452D-B772-AFB52AE6DBCB}
		{1E5506A2-972D-4A13-8ECB-7DEB4AF58938} = {1E5506A2-972D-4A13-8ECB-7DEB4AF58938}
		{D91214C6-0629-4530-BC26-F0B6B196D75D} = {D91214C6-0629-4530-BC26-F0B6B196D75D}
		{C986D643-2173-45EA-AE01-07CD5FA984E5} = {C986D643-2173-45EA-AE01-07CD5FA984E5}
	EndProjectSection
EndProject
Project("{8BC9CEB8-8B4A-11D0-8D11-00A0C91BC942}") = "AppConvexHullDistanceDemo", "Demos\ConvexHullDistance\AppConvexHullDistanceDemo.vcproj", "{29B9AD22-B7D0-40C6-9ADB-2A1F1A751E5F}"
	ProjectSection(ProjectDependencies) = postProject
		{1DF55A92-A50E-4135-BB79-56A4014E9477} = {1DF55A92-A50E-4135-BB79-56A4014E9477}
		{831E5AC8-6043-4581-BB13-DC49DECC1885} = {831E5AC8-6043-4581-BB13-DC49DECC1885}
		{1E5506A2-972D-4A13-8ECB-7DEB4AF58938} = {1E5506A2-972D-4A13-8ECB-7DEB4AF58938}
		{D91214C6-0629-4530-BC26-F0B6B196D75D} = {D91214C6-0629-4530-BC26-F0B6B196D75D}
		{C986D643-2173-45EA-AE01-07CD5FA984E5} = {C986D643-2173-45EA-AE01-07CD5FA984E5}
	EndProjectSection
EndProject
Project("{8BC9CEB8-8B4A-11D0-8D11-00A0C91BC942}") = "AppDoublePrecisionDemo", "Demos\DoublePrecisionDemo\AppDoublePrecisionDemo.vcproj", "{6E04922F-CE16-4DA0-82D0-8741BB621911}"
	ProjectSection(ProjectDependencies) = postProject
		{1DF55A92-A50E-4135-BB79-56A4014E9477} = {1DF55A92-A50E-4135-BB79-56A4014E9477}
		{831E5AC8-6043-4581-BB13-DC49DECC1885} = {831E5AC8-6043-4581-BB13-DC49DECC1885}
		{1E5506A2-972D-4A13-8ECB-7DEB4AF58938} = {1E5506A2-972D-4A13-8ECB-7DEB4AF58938}
		{D91214C6-0629-4530-BC26-F0B6B196D75D} = {D91214C6-0629-4530-BC26-F0B6B196D75D}
		{C986D643-2173-45EA-AE01-07CD5FA984E5} = {C986D643-2173-45EA-AE01-07CD5FA984E5}
	EndProjectSection
EndProject
Project("{8BC9CEB8-8B4A-11D0-8D11-00A0C91BC942}") = "AppForkLiftDemo", "Demos\ForkLiftDemo\AppForkLiftDemo.vcproj", "{CC50EC48-3E7F-42D2-B6A3-42502958F645}"
	ProjectSection(ProjectDependencies) = postProject
		{1DF55A92-A50E-4135-BB79-56A4014E9477} = {1DF55A92-A50E-4135-BB79-56A4014E9477}
		{831E5AC8-6043-4581-BB13-DC49DECC1885} = {831E5AC8-6043-4581-BB13-DC49DECC1885}
		{1E5506A2-972D-4A13-8ECB-7DEB4AF58938} = {1E5506A2-972D-4A13-8ECB-7DEB4AF58938}
		{D91214C6-0629-4530-BC26-F0B6B196D75D} = {D91214C6-0629-4530-BC26-F0B6B196D75D}
		{C986D643-2173-45EA-AE01-07CD5FA984E5} = {C986D643-2173-45EA-AE01-07CD5FA984E5}
	EndProjectSection
EndProject
Project("{8BC9CEB8-8B4A-11D0-8D11-00A0C91BC942}") = "AppFractureDemo", "Demos\FractureDemo\AppFractureDemo.vcproj", "{871F8C27-FBC4-4BA6-B832-3145AFD77C87}"
	ProjectSection(ProjectDependencies) = postProject
		{1DF55A92-A50E-4135-BB79-56A4014E9477} = {1DF55A92-A50E-4135-BB79-56A4014E9477}
		{831E5AC8-6043-4581-BB13-DC49DECC1885} = {831E5AC8-6043-4581-BB13-DC49DECC1885}
		{1E5506A2-972D-4A13-8ECB-7DEB4AF58938} = {1E5506A2-972D-4A13-8ECB-7DEB4AF58938}
		{D91214C6-0629-4530-BC26-F0B6B196D75D} = {D91214C6-0629-4530-BC26-F0B6B196D75D}
		{C986D643-2173-45EA-AE01-07CD5FA984E5} = {C986D643-2173-45EA-AE01-07CD5FA984E5}
	EndProjectSection
EndProject
Project("{8BC9CEB8-8B4A-11D0-8D11-00A0C91BC942}") = "AppGenericJointDemo", "Demos\GenericJointDemo\AppGenericJointDemo.vcproj", "{F07DA6AF-ECBA-47F2-AA9C-9104C7D44E70}"
	ProjectSection(ProjectDependencies) = postProject
		{1DF55A92-A50E-4135-BB79-56A4014E9477} = {1DF55A92-A50E-4135-BB79-56A4014E9477}
		{831E5AC8-6043-4581-BB13-DC49DECC1885} = {831E5AC8-6043-4581-BB13-DC49DECC1885}
		{1E5506A2-972D-4A13-8ECB-7DEB4AF58938} = {1E5506A2-972D-4A13-8ECB-7DEB4AF58938}
		{D91214C6-0629-4530-BC26-F0B6B196D75D} = {D91214C6-0629-4530-BC26-F0B6B196D75D}
		{C986D643-2173-45EA-AE01-07CD5FA984E5} = {C986D643-2173-45EA-AE01-07CD5FA984E5}
	EndProjectSection
EndProject
Project("{8BC9CEB8-8B4A-11D0-8D11-00A0C91BC942}") = "AppHelloWorld", "Demos\HelloWorld\AppHelloWorld.vcproj", "{AD0C84C9-4D41-41F6-90FA-BB99CF0ADA39}"
	ProjectSection(ProjectDependencies) = postProject
		{1DF55A92-A50E-4135-BB79-56A4014E9477} = {1DF55A92-A50E-4135-BB79-56A4014E9477}
		{831E5AC8-6043-4581-BB13-DC49DECC1885} = {831E5AC8-6043-4581-BB13-DC49DECC1885}
		{1E5506A2-972D-4A13-8ECB-7DEB4AF58938} = {1E5506A2-972D-4A13-8ECB-7DEB4AF58938}
		{C986D643-2173-45EA-AE01-07CD5FA984E5} = {C986D643-2173-45EA-AE01-07CD5FA984E5}
	EndProjectSection
EndProject
Project("{8BC9CEB8-8B4A-11D0-8D11-00A0C91BC942}") = "AppInternalEdgeDemo", "Demos\InternalEdgeDemo\AppInternalEdgeDemo.vcproj", "{AEAA899D-0102-4CF9-B6E1-1110BC0104C3}"
	ProjectSection(ProjectDependencies) = postProject
		{1DF55A92-A50E-4135-BB79-56A4014E9477} = {1DF55A92-A50E-4135-BB79-56A4014E9477}
		{831E5AC8-6043-4581-BB13-DC49DECC1885} = {831E5AC8-6043-4581-BB13-DC49DECC1885}
		{1E5506A2-972D-4A13-8ECB-7DEB4AF58938} = {1E5506A2-972D-4A13-8ECB-7DEB4AF58938}
		{D91214C6-0629-4530-BC26-F0B6B196D75D} = {D91214C6-0629-4530-BC26-F0B6B196D75D}
		{C986D643-2173-45EA-AE01-07CD5FA984E5} = {C986D643-2173-45EA-AE01-07CD5FA984E5}
	EndProjectSection
EndProject
Project("{8BC9CEB8-8B4A-11D0-8D11-00A0C91BC942}") = "AppLinearConvexCastDemo", "Demos\GjkConvexCastDemo\AppLinearConvexCastDemo.vcproj", "{ACD214A6-9CC2-48FC-B86C-DDABD4962CFB}"
	ProjectSection(ProjectDependencies) = postProject
		{1DF55A92-A50E-4135-BB79-56A4014E9477} = {1DF55A92-A50E-4135-BB79-56A4014E9477}
		{831E5AC8-6043-4581-BB13-DC49DECC1885} = {831E5AC8-6043-4581-BB13-DC49DECC1885}
		{1E5506A2-972D-4A13-8ECB-7DEB4AF58938} = {1E5506A2-972D-4A13-8ECB-7DEB4AF58938}
		{D91214C6-0629-4530-BC26-F0B6B196D75D} = {D91214C6-0629-4530-BC26-F0B6B196D75D}
		{C986D643-2173-45EA-AE01-07CD5FA984E5} = {C986D643-2173-45EA-AE01-07CD5FA984E5}
	EndProjectSection
EndProject
Project("{8BC9CEB8-8B4A-11D0-8D11-00A0C91BC942}") = "AppMotorDemo", "Demos\DynamicControlDemo\AppMotorDemo.vcproj", "{09EA9A78-BDF8-4B7F-91A0-75331DBA8EBD}"
	ProjectSection(ProjectDependencies) = postProject
		{1DF55A92-A50E-4135-BB79-56A4014E9477} = {1DF55A92-A50E-4135-BB79-56A4014E9477}
		{831E5AC8-6043-4581-BB13-DC49DECC1885} = {831E5AC8-6043-4581-BB13-DC49DECC1885}
		{1E5506A2-972D-4A13-8ECB-7DEB4AF58938} = {1E5506A2-972D-4A13-8ECB-7DEB4AF58938}
		{D91214C6-0629-4530-BC26-F0B6B196D75D} = {D91214C6-0629-4530-BC26-F0B6B196D75D}
		{C986D643-2173-45EA-AE01-07CD5FA984E5} = {C986D643-2173-45EA-AE01-07CD5FA984E5}
	EndProjectSection
EndProject
Project("{8BC9CEB8-8B4A-11D0-8D11-00A0C91BC942}") = "AppMovingConcaveDemo", "Demos\MovingConcaveDemo\AppMovingConcaveDemo.vcproj", "{AF8CDF76-6743-4765-BF2D-62ED37CAC382}"
	ProjectSection(ProjectDependencies) = postProject
		{1DF55A92-A50E-4135-BB79-56A4014E9477} = {1DF55A92-A50E-4135-BB79-56A4014E9477}
		{831E5AC8-6043-4581-BB13-DC49DECC1885} = {831E5AC8-6043-4581-BB13-DC49DECC1885}
		{1E5506A2-972D-4A13-8ECB-7DEB4AF58938} = {1E5506A2-972D-4A13-8ECB-7DEB4AF58938}
		{D91214C6-0629-4530-BC26-F0B6B196D75D} = {D91214C6-0629-4530-BC26-F0B6B196D75D}
		{C986D643-2173-45EA-AE01-07CD5FA984E5} = {C986D643-2173-45EA-AE01-07CD5FA984E5}
	EndProjectSection
EndProject
Project("{8BC9CEB8-8B4A-11D0-8D11-00A0C91BC942}") = "AppMultiMaterialDemo", "Demos\MultiMaterialDemo\AppMultiMaterialDemo.vcproj", "{F840038B-91C2-44F0-985D-6A247C3C031E}"
	ProjectSection(ProjectDependencies) = postProject
		{1DF55A92-A50E-4135-BB79-56A4014E9477} = {1DF55A92-A50E-4135-BB79-56A4014E9477}
		{831E5AC8-6043-4581-BB13-DC49DECC1885} = {831E5AC8-6043-4581-BB13-DC49DECC1885}
		{1E5506A2-972D-4A13-8ECB-7DEB4AF58938} = {1E5506A2-972D-4A13-8ECB-7DEB4AF58938}
		{D91214C6-0629-4530-BC26-F0B6B196D75D} = {D91214C6-0629-4530-BC26-F0B6B196D75D}
		{C986D643-2173-45EA-AE01-07CD5FA984E5} = {C986D643-2173-45EA-AE01-07CD5FA984E5}
	EndProjectSection
EndProject
Project("{8BC9CEB8-8B4A-11D0-8D11-00A0C91BC942}") = "AppMultiThreadedDemo", "Demos\MultiThreadedDemo\AppMultiThreadedDemo.vcproj", "{938A4AEB-C7C0-4188-8512-3C23DACC685D}"
	ProjectSection(ProjectDependencies) = postProject
		{1DF55A92-A50E-4135-BB79-56A4014E9477} = {1DF55A92-A50E-4135-BB79-56A4014E9477}
		{831E5AC8-6043-4581-BB13-DC49DECC1885} = {831E5AC8-6043-4581-BB13-DC49DECC1885}
		{A473ADA2-9647-4AF6-A071-9A125708785A} = {A473ADA2-9647-4AF6-A071-9A125708785A}
		{1E5506A2-972D-4A13-8ECB-7DEB4AF58938} = {1E5506A2-972D-4A13-8ECB-7DEB4AF58938}
		{D91214C6-0629-4530-BC26-F0B6B196D75D} = {D91214C6-0629-4530-BC26-F0B6B196D75D}
		{C986D643-2173-45EA-AE01-07CD5FA984E5} = {C986D643-2173-45EA-AE01-07CD5FA984E5}
	EndProjectSection
EndProject
Project("{8BC9CEB8-8B4A-11D0-8D11-00A0C91BC942}") = "AppOpenCLClothDemo_Mini", "Demos\OpenCLClothDemo\MiniCL\AppOpenCLClothDemo_Mini.vcproj", "{C1AE1E5B-B6E3-489F-8969-D0F65CE18855}"
	ProjectSection(ProjectDependencies) = postProject
		{1DF55A92-A50E-4135-BB79-56A4014E9477} = {1DF55A92-A50E-4135-BB79-56A4014E9477}
		{831E5AC8-6043-4581-BB13-DC49DECC1885} = {831E5AC8-6043-4581-BB13-DC49DECC1885}
		{A473ADA2-9647-4AF6-A071-9A125708785A} = {A473ADA2-9647-4AF6-A071-9A125708785A}
		{0B3D5BE4-217B-4177-AE1C-1F9255E0453B} = {0B3D5BE4-217B-4177-AE1C-1F9255E0453B}
		{3B99CC96-2F77-4371-BD40-67B06CBF3FDC} = {3B99CC96-2F77-4371-BD40-67B06CBF3FDC}
		{DA39F37C-18F4-410B-8121-2442A1D7AF90} = {DA39F37C-18F4-410B-8121-2442A1D7AF90}
		{1E5506A2-972D-4A13-8ECB-7DEB4AF58938} = {1E5506A2-972D-4A13-8ECB-7DEB4AF58938}
		{75EDD423-2A36-4C69-BCA4-AA75AEE2B0E7} = {75EDD423-2A36-4C69-BCA4-AA75AEE2B0E7}
		{D91214C6-0629-4530-BC26-F0B6B196D75D} = {D91214C6-0629-4530-BC26-F0B6B196D75D}
		{C986D643-2173-45EA-AE01-07CD5FA984E5} = {C986D643-2173-45EA-AE01-07CD5FA984E5}
	EndProjectSection
EndProject
Project("{8BC9CEB8-8B4A-11D0-8D11-00A0C91BC942}") = "AppParticlesOCL_Mini", "Demos\ParticlesOpenCL\MiniCL\AppParticlesOCL_Mini.vcproj", "{F5F61603-1200-441E-8EDB-AC30E597CEE2}"
	ProjectSection(ProjectDependencies) = postProject
		{1DF55A92-A50E-4135-BB79-56A4014E9477} = {1DF55A92-A50E-4135-BB79-56A4014E9477}
		{831E5AC8-6043-4581-BB13-DC49DECC1885} = {831E5AC8-6043-4581-BB13-DC49DECC1885}
		{A473ADA2-9647-4AF6-A071-9A125708785A} = {A473ADA2-9647-4AF6-A071-9A125708785A}
		{1E5506A2-972D-4A13-8ECB-7DEB4AF58938} = {1E5506A2-972D-4A13-8ECB-7DEB4AF58938}
		{75EDD423-2A36-4C69-BCA4-AA75AEE2B0E7} = {75EDD423-2A36-4C69-BCA4-AA75AEE2B0E7}
		{D91214C6-0629-4530-BC26-F0B6B196D75D} = {D91214C6-0629-4530-BC26-F0B6B196D75D}
		{C986D643-2173-45EA-AE01-07CD5FA984E5} = {C986D643-2173-45EA-AE01-07CD5FA984E5}
	EndProjectSection
EndProject
Project("{8BC9CEB8-8B4A-11D0-8D11-00A0C91BC942}") = "AppRagdollDemo", "Demos\RagdollDemo\AppRagdollDemo.vcproj", "{8BEEF5ED-85FF-46FC-8453-31CE913DF77A}"
	ProjectSection(ProjectDependencies) = postProject
		{1DF55A92-A50E-4135-BB79-56A4014E9477} = {1DF55A92-A50E-4135-BB79-56A4014E9477}
		{831E5AC8-6043-4581-BB13-DC49DECC1885} = {831E5AC8-6043-4581-BB13-DC49DECC1885}
		{1E5506A2-972D-4A13-8ECB-7DEB4AF58938} = {1E5506A2-972D-4A13-8ECB-7DEB4AF58938}
		{D91214C6-0629-4530-BC26-F0B6B196D75D} = {D91214C6-0629-4530-BC26-F0B6B196D75D}
		{C986D643-2173-45EA-AE01-07CD5FA984E5} = {C986D643-2173-45EA-AE01-07CD5FA984E5}
	EndProjectSection
EndProject
Project("{8BC9CEB8-8B4A-11D0-8D11-00A0C91BC942}") = "AppRaytracer", "Demos\Raytracer\AppRaytracer.vcproj", "{8E790C0E-E8E9-4D38-BBD2-DC8A346175FE}"
	ProjectSection(ProjectDependencies) = postProject
		{1DF55A92-A50E-4135-BB79-56A4014E9477} = {1DF55A92-A50E-4135-BB79-56A4014E9477}
		{831E5AC8-6043-4581-BB13-DC49DECC1885} = {831E5AC8-6043-4581-BB13-DC49DECC1885}
		{1E5506A2-972D-4A13-8ECB-7DEB4AF58938} = {1E5506A2-972D-4A13-8ECB-7DEB4AF58938}
		{D91214C6-0629-4530-BC26-F0B6B196D75D} = {D91214C6-0629-4530-BC26-F0B6B196D75D}
		{C986D643-2173-45EA-AE01-07CD5FA984E5} = {C986D643-2173-45EA-AE01-07CD5FA984E5}
	EndProjectSection
EndProject
Project("{8BC9CEB8-8B4A-11D0-8D11-00A0C91BC942}") = "AppSerializeDemo", "Demos\SerializeDemo\AppSerializeDemo.vcproj", "{8021D082-F9DF-41CC-BA19-DD94666FECB6}"
	ProjectSection(ProjectDependencies) = postProject
		{1DF55A92-A50E-4135-BB79-56A4014E9477} = {1DF55A92-A50E-4135-BB79-56A4014E9477}
		{831E5AC8-6043-4581-BB13-DC49DECC1885} = {831E5AC8-6043-4581-BB13-DC49DECC1885}
		{8DFB0420-8322-451E-96CC-2289BD125132} = {8DFB0420-8322-451E-96CC-2289BD125132}
		{0B3D5BE4-217B-4177-AE1C-1F9255E0453B} = {0B3D5BE4-217B-4177-AE1C-1F9255E0453B}
		{16E1F6E2-5BD2-4C78-9E13-08899653C3D0} = {16E1F6E2-5BD2-4C78-9E13-08899653C3D0}
		{1E5506A2-972D-4A13-8ECB-7DEB4AF58938} = {1E5506A2-972D-4A13-8ECB-7DEB4AF58938}
		{D91214C6-0629-4530-BC26-F0B6B196D75D} = {D91214C6-0629-4530-BC26-F0B6B196D75D}
		{C986D643-2173-45EA-AE01-07CD5FA984E5} = {C986D643-2173-45EA-AE01-07CD5FA984E5}
	EndProjectSection
EndProject
Project("{8BC9CEB8-8B4A-11D0-8D11-00A0C91BC942}") = "AppSimplexDemo", "Demos\SimplexDemo\AppSimplexDemo.vcproj", "{E01F2F6D-EEBE-4AD7-BBCD-9511AA4F6908}"
	ProjectSection(ProjectDependencies) = postProject
		{1DF55A92-A50E-4135-BB79-56A4014E9477} = {1DF55A92-A50E-4135-BB79-56A4014E9477}
		{831E5AC8-6043-4581-BB13-DC49DECC1885} = {831E5AC8-6043-4581-BB13-DC49DECC1885}
		{1E5506A2-972D-4A13-8ECB-7DEB4AF58938} = {1E5506A2-972D-4A13-8ECB-7DEB4AF58938}
		{D91214C6-0629-4530-BC26-F0B6B196D75D} = {D91214C6-0629-4530-BC26-F0B6B196D75D}
		{C986D643-2173-45EA-AE01-07CD5FA984E5} = {C986D643-2173-45EA-AE01-07CD5FA984E5}
	EndProjectSection
EndProject
Project("{8BC9CEB8-8B4A-11D0-8D11-00A0C91BC942}") = "AppSliderConstraintDemo", "Demos\SliderConstraintDemo\AppSliderConstraintDemo.vcproj", "{CFC64F87-0EF4-4377-8409-6C0694EB3BDD}"
	ProjectSection(ProjectDependencies) = postProject
		{1DF55A92-A50E-4135-BB79-56A4014E9477} = {1DF55A92-A50E-4135-BB79-56A4014E9477}
		{831E5AC8-6043-4581-BB13-DC49DECC1885} = {831E5AC8-6043-4581-BB13-DC49DECC1885}
		{1E5506A2-972D-4A13-8ECB-7DEB4AF58938} = {1E5506A2-972D-4A13-8ECB-7DEB4AF58938}
		{D91214C6-0629-4530-BC26-F0B6B196D75D} = {D91214C6-0629-4530-BC26-F0B6B196D75D}
		{C986D643-2173-45EA-AE01-07CD5FA984E5} = {C986D643-2173-45EA-AE01-07CD5FA984E5}
	EndProjectSection
EndProject
Project("{8BC9CEB8-8B4A-11D0-8D11-00A0C91BC942}") = "AppSoftBodyDemo", "Demos\SoftDemo\AppSoftBodyDemo.vcproj", "{A8E5AA4B-D93A-4948-BB26-10AD469855B5}"
	ProjectSection(ProjectDependencies) = postProject
		{1DF55A92-A50E-4135-BB79-56A4014E9477} = {1DF55A92-A50E-4135-BB79-56A4014E9477}
		{831E5AC8-6043-4581-BB13-DC49DECC1885} = {831E5AC8-6043-4581-BB13-DC49DECC1885}
		{0B3D5BE4-217B-4177-AE1C-1F9255E0453B} = {0B3D5BE4-217B-4177-AE1C-1F9255E0453B}
		{1E5506A2-972D-4A13-8ECB-7DEB4AF58938} = {1E5506A2-972D-4A13-8ECB-7DEB4AF58938}
		{D91214C6-0629-4530-BC26-F0B6B196D75D} = {D91214C6-0629-4530-BC26-F0B6B196D75D}
		{C986D643-2173-45EA-AE01-07CD5FA984E5} = {C986D643-2173-45EA-AE01-07CD5FA984E5}
	EndProjectSection
EndProject
Project("{8BC9CEB8-8B4A-11D0-8D11-00A0C91BC942}") = "AppThreadingDemo", "Demos\ThreadingDemo\AppThreadingDemo.vcproj", "{76714CCC-B924-474C-8634-2A3FFF8CD6D7}"
	ProjectSection(ProjectDependencies) = postProject
		{1DF55A92-A50E-4135-BB79-56A4014E9477} = {1DF55A92-A50E-4135-BB79-56A4014E9477}
		{831E5AC8-6043-4581-BB13-DC49DECC1885} = {831E5AC8-6043-4581-BB13-DC49DECC1885}
		{A473ADA2-9647-4AF6-A071-9A125708785A} = {A473ADA2-9647-4AF6-A071-9A125708785A}
		{1E5506A2-972D-4A13-8ECB-7DEB4AF58938} = {1E5506A2-972D-4A13-8ECB-7DEB4AF58938}
		{C986D643-2173-45EA-AE01-07CD5FA984E5} = {C986D643-2173-45EA-AE01-07CD5FA984E5}
	EndProjectSection
EndProject
Project("{8BC9CEB8-8B4A-11D0-8D11-00A0C91BC942}") = "AppUserCollisionAlgorithm", "Demos\UserCollisionAlgorithm\AppUserCollisionAlgorithm.vcproj", "{E994B9E4-13B8-4E08-8D22-AF46A89CCB7A}"
	ProjectSection(ProjectDependencies) = postProject
		{1DF55A92-A50E-4135-BB79-56A4014E9477} = {1DF55A92-A50E-4135-BB79-56A4014E9477}
		{831E5AC8-6043-4581-BB13-DC49DECC1885} = {831E5AC8-6043-4581-BB13-DC49DECC1885}
		{1E5506A2-972D-4A13-8ECB-7DEB4AF58938} = {1E5506A2-972D-4A13-8ECB-7DEB4AF58938}
		{D91214C6-0629-4530-BC26-F0B6B196D75D} = {D91214C6-0629-4530-BC26-F0B6B196D75D}
		{C986D643-2173-45EA-AE01-07CD5FA984E5} = {C986D643-2173-45EA-AE01-07CD5FA984E5}
	EndProjectSection
EndProject
Project("{8BC9CEB8-8B4A-11D0-8D11-00A0C91BC942}") = "AppVectorAdd_Mini", "Demos\VectorAdd_OpenCL\MiniCL\AppVectorAdd_Mini.vcproj", "{5C1D8CA3-F699-4B0F-95D1-F35825EEB040}"
	ProjectSection(ProjectDependencies) = postProject
		{A473ADA2-9647-4AF6-A071-9A125708785A} = {A473ADA2-9647-4AF6-A071-9A125708785A}
		{1E5506A2-972D-4A13-8ECB-7DEB4AF58938} = {1E5506A2-972D-4A13-8ECB-7DEB4AF58938}
		{75EDD423-2A36-4C69-BCA4-AA75AEE2B0E7} = {75EDD423-2A36-4C69-BCA4-AA75AEE2B0E7}
		{C986D643-2173-45EA-AE01-07CD5FA984E5} = {C986D643-2173-45EA-AE01-07CD5FA984E5}
	EndProjectSection
EndProject
Project("{8BC9CEB8-8B4A-11D0-8D11-00A0C91BC942}") = "AppVehicleDemo", "Demos\VehicleDemo\AppVehicleDemo.vcproj", "{9D6B77BD-8A3F-43B0-A510-8C17E319FB28}"
	ProjectSection(ProjectDependencies) = postProject
		{1DF55A92-A50E-4135-BB79-56A4014E9477} = {1DF55A92-A50E-4135-BB79-56A4014E9477}
		{831E5AC8-6043-4581-BB13-DC49DECC1885} = {831E5AC8-6043-4581-BB13-DC49DECC1885}
		{1E5506A2-972D-4A13-8ECB-7DEB4AF58938} = {1E5506A2-972D-4A13-8ECB-7DEB4AF58938}
		{D91214C6-0629-4530-BC26-F0B6B196D75D} = {D91214C6-0629-4530-BC26-F0B6B196D75D}
		{C986D643-2173-45EA-AE01-07CD5FA984E5} = {C986D643-2173-45EA-AE01-07CD5FA984E5}
	EndProjectSection
EndProject
Project("{8BC9CEB8-8B4A-11D0-8D11-00A0C91BC942}") = "BulletCollision", "src\BulletCollision\BulletCollision.vcproj", "{1DF55A92-A50E-4135-BB79-56A4014E9477}"
	ProjectSection(ProjectDependencies) = postProject
		{C986D643-2173-45EA-AE01-07CD5FA984E5} = {C986D643-2173-45EA-AE01-07CD5FA984E5}
	EndProjectSection
EndProject
Project("{8BC9CEB8-8B4A-11D0-8D11-00A0C91BC942}") = "BulletDynamics", "src\BulletDynamics\BulletDynamics.vcproj", "{831E5AC8-6043-4581-BB13-DC49DECC1885}"
	ProjectSection(ProjectDependencies) = postProject
		{C986D643-2173-45EA-AE01-07CD5FA984E5} = {C986D643-2173-45EA-AE01-07CD5FA984E5}
	EndProjectSection
EndProject
Project("{8BC9CEB8-8B4A-11D0-8D11-00A0C91BC942}") = "BulletFileLoader", "Extras\Serialize\BulletFileLoader\BulletFileLoader.vcproj", "{8DFB0420-8322-451E-96CC-2289BD125132}"
	ProjectSection(ProjectDependencies) = postProject
		{C986D643-2173-45EA-AE01-07CD5FA984E5} = {C986D643-2173-45EA-AE01-07CD5FA984E5}
	EndProjectSection
EndProject
Project("{8BC9CEB8-8B4A-11D0-8D11-00A0C91BC942}") = "BulletMultiThreaded", "src\BulletMultiThreaded\BulletMultiThreaded.vcproj", "{A473ADA2-9647-4AF6-A071-9A125708785A}"
	ProjectSection(ProjectDependencies) = postProject
		{C986D643-2173-45EA-AE01-07CD5FA984E5} = {C986D643-2173-45EA-AE01-07CD5FA984E5}
	EndProjectSection
EndProject
Project("{8BC9CEB8-8B4A-11D0-8D11-00A0C91BC942}") = "BulletSoftBody", "src\BulletSoftBody\BulletSoftBody.vcproj", "{0B3D5BE4-217B-4177-AE1C-1F9255E0453B}"
	ProjectSection(ProjectDependencies) = postProject
		{C986D643-2173-45EA-AE01-07CD5FA984E5} = {C986D643-2173-45EA-AE01-07CD5FA984E5}
	EndProjectSection
EndProject
Project("{8BC9CEB8-8B4A-11D0-8D11-00A0C91BC942}") = "BulletSoftBodySolvers_CPU", "src\BulletMultiThreaded\GpuSoftBodySolvers\CPU\BulletSoftBodySolvers_CPU.vcproj", "{3B99CC96-2F77-4371-BD40-67B06CBF3FDC}"
	ProjectSection(ProjectDependencies) = postProject
		{C986D643-2173-45EA-AE01-07CD5FA984E5} = {C986D643-2173-45EA-AE01-07CD5FA984E5}
	EndProjectSection
EndProject
Project("{8BC9CEB8-8B4A-11D0-8D11-00A0C91BC942}") = "BulletSoftBodySolvers_OpenCL_Mini", "src\BulletMultiThreaded\GpuSoftBodySolvers\OpenCL\MiniCL\BulletSoftBodySolvers_OpenCL_Mini.vcproj", "{DA39F37C-18F4-410B-8121-2442A1D7AF90}"
	ProjectSection(ProjectDependencies) = postProject
		{C986D643-2173-45EA-AE01-07CD5FA984E5} = {C986D643-2173-45EA-AE01-07CD5FA984E5}
	EndProjectSection
EndProject
Project("{8BC9CEB8-8B4A-11D0-8D11-00A0C91BC942}") = "BulletWorldImporter", "Extras\Serialize\BulletWorldImporter\BulletWorldImporter.vcproj", "{16E1F6E2-5BD2-4C78-9E13-08899653C3D0}"
	ProjectSection(ProjectDependencies) = postProject
		{C986D643-2173-45EA-AE01-07CD5FA984E5} = {C986D643-2173-45EA-AE01-07CD5FA984E5}
	EndProjectSection
EndProject
Project("{8BC9CEB8-8B4A-11D0-8D11-00A0C91BC942}") = "ConvexDecomposition", "Extras\ConvexDecomposition\ConvexDecomposition.vcproj", "{90976E40-454E-41CC-86ED-62D68716BCAA}"
	ProjectSection(ProjectDependencies) = postProject
		{C986D643-2173-45EA-AE01-07CD5FA984E5} = {C986D643-2173-45EA-AE01-07CD5FA984E5}
	EndProjectSection
EndProject
Project("{8BC9CEB8-8B4A-11D0-8D11-00A0C91BC942}") = "GIMPACTUtils", "Extras\GIMPACTUtils\GIMPACTUtils.vcproj", "{E0E49BEA-1791-4EA4-AAD2-16025E44FD2E}"
	ProjectSection(ProjectDependencies) = postProject
		{C986D643-2173-45EA-AE01-07CD5FA984E5} = {C986D643-2173-45EA-AE01-07CD5FA984E5}
	EndProjectSection
EndProject
Project("{8BC9CEB8-8B4A-11D0-8D11-00A0C91BC942}") = "GLUI", "Extras\glui\GLUI.vcproj", "{82578A20-C444-4F09-8123-675CF734A5FC}"
	ProjectSection(ProjectDependencies) = postProject
		{C986D643-2173-45EA-AE01-07CD5FA984E5} = {C986D643-2173-45EA-AE01-07CD5FA984E5}
	EndProjectSection
EndProject
Project("{8BC9CEB8-8B4A-11D0-8D11-00A0C91BC942}") = "HACD", "Extras\HACD\HACD.vcproj", "{E13CEEF5-DB1E-452D-B772-AFB52AE6DBCB}"
	ProjectSection(ProjectDependencies) = postProject
		{C986D643-2173-45EA-AE01-07CD5FA984E5} = {C986D643-2173-45EA-AE01-07CD5FA984E5}
	EndProjectSection
EndProject
Project("{8BC9CEB8-8B4A-11D0-8D11-00A0C91BC942}") = "HfFluidDemo", "Demos\HeightFieldFluidDemo\HfFluidDemo.vcproj", "{F2DCC48B-0841-4271-A523-2DD92E9F9B46}"
	ProjectSection(ProjectDependencies) = postProject
		{1DF55A92-A50E-4135-BB79-56A4014E9477} = {1DF55A92-A50E-4135-BB79-56A4014E9477}
		{831E5AC8-6043-4581-BB13-DC49DECC1885} = {831E5AC8-6043-4581-BB13-DC49DECC1885}
		{1E5506A2-972D-4A13-8ECB-7DEB4AF58938} = {1E5506A2-972D-4A13-8ECB-7DEB4AF58938}
		{D91214C6-0629-4530-BC26-F0B6B196D75D} = {D91214C6-0629-4530-BC26-F0B6B196D75D}
		{C986D643-2173-45EA-AE01-07CD5FA984E5} = {C986D643-2173-45EA-AE01-07CD5FA984E5}
	EndProjectSection
EndProject
Project("{8BC9CEB8-8B4A-11D0-8D11-00A0C91BC942}") = "LinearMath", "src\LinearMath\LinearMath.vcproj", "{1E5506A2-972D-4A13-8ECB-7DEB4AF58938}"
	ProjectSection(ProjectDependencies) = postProject
		{C986D643-2173-45EA-AE01-07CD5FA984E5} = {C986D643-2173-45EA-AE01-07CD5FA984E5}
	EndProjectSection
EndProject
Project("{8BC9CEB8-8B4A-11D0-8D11-00A0C91BC942}") = "MiniCL", "src\MiniCL\MiniCL.vcproj", "{75EDD423-2A36-4C69-BCA4-AA75AEE2B0E7}"
	ProjectSection(ProjectDependencies) = postProject
		{C986D643-2173-45EA-AE01-07CD5FA984E5} = {C986D643-2173-45EA-AE01-07CD5FA984E5}
	EndProjectSection
EndProject
Project("{8BC9CEB8-8B4A-11D0-8D11-00A0C91BC942}") = "OpenGLSupport", "Demos\OpenGL\OpenGLSupport.vcproj", "{D91214C6-0629-4530-BC26-F0B6B196D75D}"
	ProjectSection(ProjectDependencies) = postProject
		{C986D643-2173-45EA-AE01-07CD5FA984E5} = {C986D643-2173-45EA-AE01-07CD5FA984E5}
	EndProjectSection
EndProject
Project("{8BC9CEB8-8B4A-11D0-8D11-00A0C91BC942}") = "ZERO_CHECK", "ZERO_CHECK.vcproj", "{C986D643-2173-45EA-AE01-07CD5FA984E5}"
	ProjectSection(ProjectDependencies) = postProject
	EndProjectSection
EndProject
Global
	GlobalSection(SolutionConfigurationPlatforms) = preSolution
		Debug|Win32 = Debug|Win32
		Release|Win32 = Release|Win32
		MinSizeRel|Win32 = MinSizeRel|Win32
		RelWithDebInfo|Win32 = RelWithDebInfo|Win32
	EndGlobalSection
	GlobalSection(ProjectConfigurationPlatforms) = postSolution
		{2964F2A0-8574-47DF-842A-4A03D0BFF58A}.Debug|Win32.ActiveCfg = Debug|Win32
		{2964F2A0-8574-47DF-842A-4A03D0BFF58A}.Release|Win32.ActiveCfg = Release|Win32
		{2964F2A0-8574-47DF-842A-4A03D0BFF58A}.MinSizeRel|Win32.ActiveCfg = MinSizeRel|Win32
		{2964F2A0-8574-47DF-842A-4A03D0BFF58A}.RelWithDebInfo|Win32.ActiveCfg = RelWithDebInfo|Win32
		{356F5FF4-CF78-4821-BA6A-1BA11A05BF4E}.Debug|Win32.ActiveCfg = Debug|Win32
		{356F5FF4-CF78-4821-BA6A-1BA11A05BF4E}.Debug|Win32.Build.0 = Debug|Win32
		{356F5FF4-CF78-4821-BA6A-1BA11A05BF4E}.Release|Win32.ActiveCfg = Release|Win32
		{356F5FF4-CF78-4821-BA6A-1BA11A05BF4E}.Release|Win32.Build.0 = Release|Win32
		{356F5FF4-CF78-4821-BA6A-1BA11A05BF4E}.MinSizeRel|Win32.ActiveCfg = MinSizeRel|Win32
		{356F5FF4-CF78-4821-BA6A-1BA11A05BF4E}.MinSizeRel|Win32.Build.0 = MinSizeRel|Win32
		{356F5FF4-CF78-4821-BA6A-1BA11A05BF4E}.RelWithDebInfo|Win32.ActiveCfg = RelWithDebInfo|Win32
		{356F5FF4-CF78-4821-BA6A-1BA11A05BF4E}.RelWithDebInfo|Win32.Build.0 = RelWithDebInfo|Win32
		{1515B9B4-D70F-4258-B015-C1D5D63C03B6}.Debug|Win32.ActiveCfg = Debug|Win32
		{1515B9B4-D70F-4258-B015-C1D5D63C03B6}.Debug|Win32.Build.0 = Debug|Win32
		{1515B9B4-D70F-4258-B015-C1D5D63C03B6}.Release|Win32.ActiveCfg = Release|Win32
		{1515B9B4-D70F-4258-B015-C1D5D63C03B6}.Release|Win32.Build.0 = Release|Win32
		{1515B9B4-D70F-4258-B015-C1D5D63C03B6}.MinSizeRel|Win32.ActiveCfg = MinSizeRel|Win32
		{1515B9B4-D70F-4258-B015-C1D5D63C03B6}.MinSizeRel|Win32.Build.0 = MinSizeRel|Win32
		{1515B9B4-D70F-4258-B015-C1D5D63C03B6}.RelWithDebInfo|Win32.ActiveCfg = RelWithDebInfo|Win32
		{1515B9B4-D70F-4258-B015-C1D5D63C03B6}.RelWithDebInfo|Win32.Build.0 = RelWithDebInfo|Win32
		{658DEB6D-7FA4-4849-B5B9-B756A1AD7358}.Debug|Win32.ActiveCfg = Debug|Win32
		{658DEB6D-7FA4-4849-B5B9-B756A1AD7358}.Debug|Win32.Build.0 = Debug|Win32
		{658DEB6D-7FA4-4849-B5B9-B756A1AD7358}.Release|Win32.ActiveCfg = Release|Win32
		{658DEB6D-7FA4-4849-B5B9-B756A1AD7358}.Release|Win32.Build.0 = Release|Win32
		{658DEB6D-7FA4-4849-B5B9-B756A1AD7358}.MinSizeRel|Win32.ActiveCfg = MinSizeRel|Win32
		{658DEB6D-7FA4-4849-B5B9-B756A1AD7358}.MinSizeRel|Win32.Build.0 = MinSizeRel|Win32
		{658DEB6D-7FA4-4849-B5B9-B756A1AD7358}.RelWithDebInfo|Win32.ActiveCfg = RelWithDebInfo|Win32
		{658DEB6D-7FA4-4849-B5B9-B756A1AD7358}.RelWithDebInfo|Win32.Build.0 = RelWithDebInfo|Win32
		{3AED2821-1ADD-47B6-A642-175681545A95}.Debug|Win32.ActiveCfg = Debug|Win32
		{3AED2821-1ADD-47B6-A642-175681545A95}.Debug|Win32.Build.0 = Debug|Win32
		{3AED2821-1ADD-47B6-A642-175681545A95}.Release|Win32.ActiveCfg = Release|Win32
		{3AED2821-1ADD-47B6-A642-175681545A95}.Release|Win32.Build.0 = Release|Win32
		{3AED2821-1ADD-47B6-A642-175681545A95}.MinSizeRel|Win32.ActiveCfg = MinSizeRel|Win32
		{3AED2821-1ADD-47B6-A642-175681545A95}.MinSizeRel|Win32.Build.0 = MinSizeRel|Win32
		{3AED2821-1ADD-47B6-A642-175681545A95}.RelWithDebInfo|Win32.ActiveCfg = RelWithDebInfo|Win32
		{3AED2821-1ADD-47B6-A642-175681545A95}.RelWithDebInfo|Win32.Build.0 = RelWithDebInfo|Win32
		{9180E389-AB67-4993-B11C-2DED60E862B3}.Debug|Win32.ActiveCfg = Debug|Win32
		{9180E389-AB67-4993-B11C-2DED60E862B3}.Debug|Win32.Build.0 = Debug|Win32
		{9180E389-AB67-4993-B11C-2DED60E862B3}.Release|Win32.ActiveCfg = Release|Win32
		{9180E389-AB67-4993-B11C-2DED60E862B3}.Release|Win32.Build.0 = Release|Win32
		{9180E389-AB67-4993-B11C-2DED60E862B3}.MinSizeRel|Win32.ActiveCfg = MinSizeRel|Win32
		{9180E389-AB67-4993-B11C-2DED60E862B3}.MinSizeRel|Win32.Build.0 = MinSizeRel|Win32
		{9180E389-AB67-4993-B11C-2DED60E862B3}.RelWithDebInfo|Win32.ActiveCfg = RelWithDebInfo|Win32
		{9180E389-AB67-4993-B11C-2DED60E862B3}.RelWithDebInfo|Win32.Build.0 = RelWithDebInfo|Win32
		{46C331AE-4E67-453A-A1B1-34B09EFE6AF4}.Debug|Win32.ActiveCfg = Debug|Win32
		{46C331AE-4E67-453A-A1B1-34B09EFE6AF4}.Debug|Win32.Build.0 = Debug|Win32
		{46C331AE-4E67-453A-A1B1-34B09EFE6AF4}.Release|Win32.ActiveCfg = Release|Win32
		{46C331AE-4E67-453A-A1B1-34B09EFE6AF4}.Release|Win32.Build.0 = Release|Win32
		{46C331AE-4E67-453A-A1B1-34B09EFE6AF4}.MinSizeRel|Win32.ActiveCfg = MinSizeRel|Win32
		{46C331AE-4E67-453A-A1B1-34B09EFE6AF4}.MinSizeRel|Win32.Build.0 = MinSizeRel|Win32
		{46C331AE-4E67-453A-A1B1-34B09EFE6AF4}.RelWithDebInfo|Win32.ActiveCfg = RelWithDebInfo|Win32
		{46C331AE-4E67-453A-A1B1-34B09EFE6AF4}.RelWithDebInfo|Win32.Build.0 = RelWithDebInfo|Win32
		{0A3F3531-63D7-46EC-B0F6-20D8DFE52763}.Debug|Win32.ActiveCfg = Debug|Win32
		{0A3F3531-63D7-46EC-B0F6-20D8DFE52763}.Debug|Win32.Build.0 = Debug|Win32
		{0A3F3531-63D7-46EC-B0F6-20D8DFE52763}.Release|Win32.ActiveCfg = Release|Win32
		{0A3F3531-63D7-46EC-B0F6-20D8DFE52763}.Release|Win32.Build.0 = Release|Win32
		{0A3F3531-63D7-46EC-B0F6-20D8DFE52763}.MinSizeRel|Win32.ActiveCfg = MinSizeRel|Win32
		{0A3F3531-63D7-46EC-B0F6-20D8DFE52763}.MinSizeRel|Win32.Build.0 = MinSizeRel|Win32
		{0A3F3531-63D7-46EC-B0F6-20D8DFE52763}.RelWithDebInfo|Win32.ActiveCfg = RelWithDebInfo|Win32
		{0A3F3531-63D7-46EC-B0F6-20D8DFE52763}.RelWithDebInfo|Win32.Build.0 = RelWithDebInfo|Win32
		{0BB94BF3-3181-483A-98A1-CC12C7D6CD52}.Debug|Win32.ActiveCfg = Debug|Win32
		{0BB94BF3-3181-483A-98A1-CC12C7D6CD52}.Debug|Win32.Build.0 = Debug|Win32
		{0BB94BF3-3181-483A-98A1-CC12C7D6CD52}.Release|Win32.ActiveCfg = Release|Win32
		{0BB94BF3-3181-483A-98A1-CC12C7D6CD52}.Release|Win32.Build.0 = Release|Win32
		{0BB94BF3-3181-483A-98A1-CC12C7D6CD52}.MinSizeRel|Win32.ActiveCfg = MinSizeRel|Win32
		{0BB94BF3-3181-483A-98A1-CC12C7D6CD52}.MinSizeRel|Win32.Build.0 = MinSizeRel|Win32
		{0BB94BF3-3181-483A-98A1-CC12C7D6CD52}.RelWithDebInfo|Win32.ActiveCfg = RelWithDebInfo|Win32
		{0BB94BF3-3181-483A-98A1-CC12C7D6CD52}.RelWithDebInfo|Win32.Build.0 = RelWithDebInfo|Win32
		{65260B0F-B88C-42B8-AEAA-2070C13465F9}.Debug|Win32.ActiveCfg = Debug|Win32
		{65260B0F-B88C-42B8-AEAA-2070C13465F9}.Debug|Win32.Build.0 = Debug|Win32
		{65260B0F-B88C-42B8-AEAA-2070C13465F9}.Release|Win32.ActiveCfg = Release|Win32
		{65260B0F-B88C-42B8-AEAA-2070C13465F9}.Release|Win32.Build.0 = Release|Win32
		{65260B0F-B88C-42B8-AEAA-2070C13465F9}.MinSizeRel|Win32.ActiveCfg = MinSizeRel|Win32
		{65260B0F-B88C-42B8-AEAA-2070C13465F9}.MinSizeRel|Win32.Build.0 = MinSizeRel|Win32
		{65260B0F-B88C-42B8-AEAA-2070C13465F9}.RelWithDebInfo|Win32.ActiveCfg = RelWithDebInfo|Win32
		{65260B0F-B88C-42B8-AEAA-2070C13465F9}.RelWithDebInfo|Win32.Build.0 = RelWithDebInfo|Win32
		{CA2C6C65-79D0-4648-8922-C16C8517747A}.Debug|Win32.ActiveCfg = Debug|Win32
		{CA2C6C65-79D0-4648-8922-C16C8517747A}.Debug|Win32.Build.0 = Debug|Win32
		{CA2C6C65-79D0-4648-8922-C16C8517747A}.Release|Win32.ActiveCfg = Release|Win32
		{CA2C6C65-79D0-4648-8922-C16C8517747A}.Release|Win32.Build.0 = Release|Win32
		{CA2C6C65-79D0-4648-8922-C16C8517747A}.MinSizeRel|Win32.ActiveCfg = MinSizeRel|Win32
		{CA2C6C65-79D0-4648-8922-C16C8517747A}.MinSizeRel|Win32.Build.0 = MinSizeRel|Win32
		{CA2C6C65-79D0-4648-8922-C16C8517747A}.RelWithDebInfo|Win32.ActiveCfg = RelWithDebInfo|Win32
		{CA2C6C65-79D0-4648-8922-C16C8517747A}.RelWithDebInfo|Win32.Build.0 = RelWithDebInfo|Win32
		{B5782D8E-EEFE-4792-8D19-B092415C4E93}.Debug|Win32.ActiveCfg = Debug|Win32
		{B5782D8E-EEFE-4792-8D19-B092415C4E93}.Debug|Win32.Build.0 = Debug|Win32
		{B5782D8E-EEFE-4792-8D19-B092415C4E93}.Release|Win32.ActiveCfg = Release|Win32
		{B5782D8E-EEFE-4792-8D19-B092415C4E93}.Release|Win32.Build.0 = Release|Win32
		{B5782D8E-EEFE-4792-8D19-B092415C4E93}.MinSizeRel|Win32.ActiveCfg = MinSizeRel|Win32
		{B5782D8E-EEFE-4792-8D19-B092415C4E93}.MinSizeRel|Win32.Build.0 = MinSizeRel|Win32
		{B5782D8E-EEFE-4792-8D19-B092415C4E93}.RelWithDebInfo|Win32.ActiveCfg = RelWithDebInfo|Win32
		{B5782D8E-EEFE-4792-8D19-B092415C4E93}.RelWithDebInfo|Win32.Build.0 = RelWithDebInfo|Win32
		{02A38525-E53D-4618-991F-780E62321E5A}.Debug|Win32.ActiveCfg = Debug|Win32
		{02A38525-E53D-4618-991F-780E62321E5A}.Debug|Win32.Build.0 = Debug|Win32
		{02A38525-E53D-4618-991F-780E62321E5A}.Release|Win32.ActiveCfg = Release|Win32
		{02A38525-E53D-4618-991F-780E62321E5A}.Release|Win32.Build.0 = Release|Win32
		{02A38525-E53D-4618-991F-780E62321E5A}.MinSizeRel|Win32.ActiveCfg = MinSizeRel|Win32
		{02A38525-E53D-4618-991F-780E62321E5A}.MinSizeRel|Win32.Build.0 = MinSizeRel|Win32
		{02A38525-E53D-4618-991F-780E62321E5A}.RelWithDebInfo|Win32.ActiveCfg = RelWithDebInfo|Win32
		{02A38525-E53D-4618-991F-780E62321E5A}.RelWithDebInfo|Win32.Build.0 = RelWithDebInfo|Win32
		{74787C31-A0D0-41C8-90E9-28E12D6B1052}.Debug|Win32.ActiveCfg = Debug|Win32
		{74787C31-A0D0-41C8-90E9-28E12D6B1052}.Debug|Win32.Build.0 = Debug|Win32
		{74787C31-A0D0-41C8-90E9-28E12D6B1052}.Release|Win32.ActiveCfg = Release|Win32
		{74787C31-A0D0-41C8-90E9-28E12D6B1052}.Release|Win32.Build.0 = Release|Win32
		{74787C31-A0D0-41C8-90E9-28E12D6B1052}.MinSizeRel|Win32.ActiveCfg = MinSizeRel|Win32
		{74787C31-A0D0-41C8-90E9-28E12D6B1052}.MinSizeRel|Win32.Build.0 = MinSizeRel|Win32
		{74787C31-A0D0-41C8-90E9-28E12D6B1052}.RelWithDebInfo|Win32.ActiveCfg = RelWithDebInfo|Win32
		{74787C31-A0D0-41C8-90E9-28E12D6B1052}.RelWithDebInfo|Win32.Build.0 = RelWithDebInfo|Win32
		{36600139-F2EC-49DA-B9A5-A97657EA2F59}.Debug|Win32.ActiveCfg = Debug|Win32
		{36600139-F2EC-49DA-B9A5-A97657EA2F59}.Debug|Win32.Build.0 = Debug|Win32
		{36600139-F2EC-49DA-B9A5-A97657EA2F59}.Release|Win32.ActiveCfg = Release|Win32
		{36600139-F2EC-49DA-B9A5-A97657EA2F59}.Release|Win32.Build.0 = Release|Win32
		{36600139-F2EC-49DA-B9A5-A97657EA2F59}.MinSizeRel|Win32.ActiveCfg = MinSizeRel|Win32
		{36600139-F2EC-49DA-B9A5-A97657EA2F59}.MinSizeRel|Win32.Build.0 = MinSizeRel|Win32
		{36600139-F2EC-49DA-B9A5-A97657EA2F59}.RelWithDebInfo|Win32.ActiveCfg = RelWithDebInfo|Win32
		{36600139-F2EC-49DA-B9A5-A97657EA2F59}.RelWithDebInfo|Win32.Build.0 = RelWithDebInfo|Win32
		{15AD0531-3DE9-4053-AB45-441470D80FB2}.Debug|Win32.ActiveCfg = Debug|Win32
		{15AD0531-3DE9-4053-AB45-441470D80FB2}.Debug|Win32.Build.0 = Debug|Win32
		{15AD0531-3DE9-4053-AB45-441470D80FB2}.Release|Win32.ActiveCfg = Release|Win32
		{15AD0531-3DE9-4053-AB45-441470D80FB2}.Release|Win32.Build.0 = Release|Win32
		{15AD0531-3DE9-4053-AB45-441470D80FB2}.MinSizeRel|Win32.ActiveCfg = MinSizeRel|Win32
		{15AD0531-3DE9-4053-AB45-441470D80FB2}.MinSizeRel|Win32.Build.0 = MinSizeRel|Win32
		{15AD0531-3DE9-4053-AB45-441470D80FB2}.RelWithDebInfo|Win32.ActiveCfg = RelWithDebInfo|Win32
		{15AD0531-3DE9-4053-AB45-441470D80FB2}.RelWithDebInfo|Win32.Build.0 = RelWithDebInfo|Win32
		{29B9AD22-B7D0-40C6-9ADB-2A1F1A751E5F}.Debug|Win32.ActiveCfg = Debug|Win32
		{29B9AD22-B7D0-40C6-9ADB-2A1F1A751E5F}.Debug|Win32.Build.0 = Debug|Win32
		{29B9AD22-B7D0-40C6-9ADB-2A1F1A751E5F}.Release|Win32.ActiveCfg = Release|Win32
		{29B9AD22-B7D0-40C6-9ADB-2A1F1A751E5F}.Release|Win32.Build.0 = Release|Win32
		{29B9AD22-B7D0-40C6-9ADB-2A1F1A751E5F}.MinSizeRel|Win32.ActiveCfg = MinSizeRel|Win32
		{29B9AD22-B7D0-40C6-9ADB-2A1F1A751E5F}.MinSizeRel|Win32.Build.0 = MinSizeRel|Win32
		{29B9AD22-B7D0-40C6-9ADB-2A1F1A751E5F}.RelWithDebInfo|Win32.ActiveCfg = RelWithDebInfo|Win32
		{29B9AD22-B7D0-40C6-9ADB-2A1F1A751E5F}.RelWithDebInfo|Win32.Build.0 = RelWithDebInfo|Win32
		{6E04922F-CE16-4DA0-82D0-8741BB621911}.Debug|Win32.ActiveCfg = Debug|Win32
		{6E04922F-CE16-4DA0-82D0-8741BB621911}.Debug|Win32.Build.0 = Debug|Win32
		{6E04922F-CE16-4DA0-82D0-8741BB621911}.Release|Win32.ActiveCfg = Release|Win32
		{6E04922F-CE16-4DA0-82D0-8741BB621911}.Release|Win32.Build.0 = Release|Win32
		{6E04922F-CE16-4DA0-82D0-8741BB621911}.MinSizeRel|Win32.ActiveCfg = MinSizeRel|Win32
		{6E04922F-CE16-4DA0-82D0-8741BB621911}.MinSizeRel|Win32.Build.0 = MinSizeRel|Win32
		{6E04922F-CE16-4DA0-82D0-8741BB621911}.RelWithDebInfo|Win32.ActiveCfg = RelWithDebInfo|Win32
		{6E04922F-CE16-4DA0-82D0-8741BB621911}.RelWithDebInfo|Win32.Build.0 = RelWithDebInfo|Win32
		{CC50EC48-3E7F-42D2-B6A3-42502958F645}.Debug|Win32.ActiveCfg = Debug|Win32
		{CC50EC48-3E7F-42D2-B6A3-42502958F645}.Debug|Win32.Build.0 = Debug|Win32
		{CC50EC48-3E7F-42D2-B6A3-42502958F645}.Release|Win32.ActiveCfg = Release|Win32
		{CC50EC48-3E7F-42D2-B6A3-42502958F645}.Release|Win32.Build.0 = Release|Win32
		{CC50EC48-3E7F-42D2-B6A3-42502958F645}.MinSizeRel|Win32.ActiveCfg = MinSizeRel|Win32
		{CC50EC48-3E7F-42D2-B6A3-42502958F645}.MinSizeRel|Win32.Build.0 = MinSizeRel|Win32
		{CC50EC48-3E7F-42D2-B6A3-42502958F645}.RelWithDebInfo|Win32.ActiveCfg = RelWithDebInfo|Win32
		{CC50EC48-3E7F-42D2-B6A3-42502958F645}.RelWithDebInfo|Win32.Build.0 = RelWithDebInfo|Win32
		{871F8C27-FBC4-4BA6-B832-3145AFD77C87}.Debug|Win32.ActiveCfg = Debug|Win32
		{871F8C27-FBC4-4BA6-B832-3145AFD77C87}.Debug|Win32.Build.0 = Debug|Win32
		{871F8C27-FBC4-4BA6-B832-3145AFD77C87}.Release|Win32.ActiveCfg = Release|Win32
		{871F8C27-FBC4-4BA6-B832-3145AFD77C87}.Release|Win32.Build.0 = Release|Win32
		{871F8C27-FBC4-4BA6-B832-3145AFD77C87}.MinSizeRel|Win32.ActiveCfg = MinSizeRel|Win32
		{871F8C27-FBC4-4BA6-B832-3145AFD77C87}.MinSizeRel|Win32.Build.0 = MinSizeRel|Win32
		{871F8C27-FBC4-4BA6-B832-3145AFD77C87}.RelWithDebInfo|Win32.ActiveCfg = RelWithDebInfo|Win32
		{871F8C27-FBC4-4BA6-B832-3145AFD77C87}.RelWithDebInfo|Win32.Build.0 = RelWithDebInfo|Win32
		{F07DA6AF-ECBA-47F2-AA9C-9104C7D44E70}.Debug|Win32.ActiveCfg = Debug|Win32
		{F07DA6AF-ECBA-47F2-AA9C-9104C7D44E70}.Debug|Win32.Build.0 = Debug|Win32
		{F07DA6AF-ECBA-47F2-AA9C-9104C7D44E70}.Release|Win32.ActiveCfg = Release|Win32
		{F07DA6AF-ECBA-47F2-AA9C-9104C7D44E70}.Release|Win32.Build.0 = Release|Win32
		{F07DA6AF-ECBA-47F2-AA9C-9104C7D44E70}.MinSizeRel|Win32.ActiveCfg = MinSizeRel|Win32
		{F07DA6AF-ECBA-47F2-AA9C-9104C7D44E70}.MinSizeRel|Win32.Build.0 = MinSizeRel|Win32
		{F07DA6AF-ECBA-47F2-AA9C-9104C7D44E70}.RelWithDebInfo|Win32.ActiveCfg = RelWithDebInfo|Win32
		{F07DA6AF-ECBA-47F2-AA9C-9104C7D44E70}.RelWithDebInfo|Win32.Build.0 = RelWithDebInfo|Win32
		{AD0C84C9-4D41-41F6-90FA-BB99CF0ADA39}.Debug|Win32.ActiveCfg = Debug|Win32
		{AD0C84C9-4D41-41F6-90FA-BB99CF0ADA39}.Debug|Win32.Build.0 = Debug|Win32
		{AD0C84C9-4D41-41F6-90FA-BB99CF0ADA39}.Release|Win32.ActiveCfg = Release|Win32
		{AD0C84C9-4D41-41F6-90FA-BB99CF0ADA39}.Release|Win32.Build.0 = Release|Win32
		{AD0C84C9-4D41-41F6-90FA-BB99CF0ADA39}.MinSizeRel|Win32.ActiveCfg = MinSizeRel|Win32
		{AD0C84C9-4D41-41F6-90FA-BB99CF0ADA39}.MinSizeRel|Win32.Build.0 = MinSizeRel|Win32
		{AD0C84C9-4D41-41F6-90FA-BB99CF0ADA39}.RelWithDebInfo|Win32.ActiveCfg = RelWithDebInfo|Win32
		{AD0C84C9-4D41-41F6-90FA-BB99CF0ADA39}.RelWithDebInfo|Win32.Build.0 = RelWithDebInfo|Win32
		{AEAA899D-0102-4CF9-B6E1-1110BC0104C3}.Debug|Win32.ActiveCfg = Debug|Win32
		{AEAA899D-0102-4CF9-B6E1-1110BC0104C3}.Debug|Win32.Build.0 = Debug|Win32
		{AEAA899D-0102-4CF9-B6E1-1110BC0104C3}.Release|Win32.ActiveCfg = Release|Win32
		{AEAA899D-0102-4CF9-B6E1-1110BC0104C3}.Release|Win32.Build.0 = Release|Win32
		{AEAA899D-0102-4CF9-B6E1-1110BC0104C3}.MinSizeRel|Win32.ActiveCfg = MinSizeRel|Win32
		{AEAA899D-0102-4CF9-B6E1-1110BC0104C3}.MinSizeRel|Win32.Build.0 = MinSizeRel|Win32
		{AEAA899D-0102-4CF9-B6E1-1110BC0104C3}.RelWithDebInfo|Win32.ActiveCfg = RelWithDebInfo|Win32
		{AEAA899D-0102-4CF9-B6E1-1110BC0104C3}.RelWithDebInfo|Win32.Build.0 = RelWithDebInfo|Win32
		{ACD214A6-9CC2-48FC-B86C-DDABD4962CFB}.Debug|Win32.ActiveCfg = Debug|Win32
		{ACD214A6-9CC2-48FC-B86C-DDABD4962CFB}.Debug|Win32.Build.0 = Debug|Win32
		{ACD214A6-9CC2-48FC-B86C-DDABD4962CFB}.Release|Win32.ActiveCfg = Release|Win32
		{ACD214A6-9CC2-48FC-B86C-DDABD4962CFB}.Release|Win32.Build.0 = Release|Win32
		{ACD214A6-9CC2-48FC-B86C-DDABD4962CFB}.MinSizeRel|Win32.ActiveCfg = MinSizeRel|Win32
		{ACD214A6-9CC2-48FC-B86C-DDABD4962CFB}.MinSizeRel|Win32.Build.0 = MinSizeRel|Win32
		{ACD214A6-9CC2-48FC-B86C-DDABD4962CFB}.RelWithDebInfo|Win32.ActiveCfg = RelWithDebInfo|Win32
		{ACD214A6-9CC2-48FC-B86C-DDABD4962CFB}.RelWithDebInfo|Win32.Build.0 = RelWithDebInfo|Win32
		{09EA9A78-BDF8-4B7F-91A0-75331DBA8EBD}.Debug|Win32.ActiveCfg = Debug|Win32
		{09EA9A78-BDF8-4B7F-91A0-75331DBA8EBD}.Debug|Win32.Build.0 = Debug|Win32
		{09EA9A78-BDF8-4B7F-91A0-75331DBA8EBD}.Release|Win32.ActiveCfg = Release|Win32
		{09EA9A78-BDF8-4B7F-91A0-75331DBA8EBD}.Release|Win32.Build.0 = Release|Win32
		{09EA9A78-BDF8-4B7F-91A0-75331DBA8EBD}.MinSizeRel|Win32.ActiveCfg = MinSizeRel|Win32
		{09EA9A78-BDF8-4B7F-91A0-75331DBA8EBD}.MinSizeRel|Win32.Build.0 = MinSizeRel|Win32
		{09EA9A78-BDF8-4B7F-91A0-75331DBA8EBD}.RelWithDebInfo|Win32.ActiveCfg = RelWithDebInfo|Win32
		{09EA9A78-BDF8-4B7F-91A0-75331DBA8EBD}.RelWithDebInfo|Win32.Build.0 = RelWithDebInfo|Win32
		{AF8CDF76-6743-4765-BF2D-62ED37CAC382}.Debug|Win32.ActiveCfg = Debug|Win32
		{AF8CDF76-6743-4765-BF2D-62ED37CAC382}.Debug|Win32.Build.0 = Debug|Win32
		{AF8CDF76-6743-4765-BF2D-62ED37CAC382}.Release|Win32.ActiveCfg = Release|Win32
		{AF8CDF76-6743-4765-BF2D-62ED37CAC382}.Release|Win32.Build.0 = Release|Win32
		{AF8CDF76-6743-4765-BF2D-62ED37CAC382}.MinSizeRel|Win32.ActiveCfg = MinSizeRel|Win32
		{AF8CDF76-6743-4765-BF2D-62ED37CAC382}.MinSizeRel|Win32.Build.0 = MinSizeRel|Win32
		{AF8CDF76-6743-4765-BF2D-62ED37CAC382}.RelWithDebInfo|Win32.ActiveCfg = RelWithDebInfo|Win32
		{AF8CDF76-6743-4765-BF2D-62ED37CAC382}.RelWithDebInfo|Win32.Build.0 = RelWithDebInfo|Win32
		{F840038B-91C2-44F0-985D-6A247C3C031E}.Debug|Win32.ActiveCfg = Debug|Win32
		{F840038B-91C2-44F0-985D-6A247C3C031E}.Debug|Win32.Build.0 = Debug|Win32
		{F840038B-91C2-44F0-985D-6A247C3C031E}.Release|Win32.ActiveCfg = Release|Win32
		{F840038B-91C2-44F0-985D-6A247C3C031E}.Release|Win32.Build.0 = Release|Win32
		{F840038B-91C2-44F0-985D-6A247C3C031E}.MinSizeRel|Win32.ActiveCfg = MinSizeRel|Win32
		{F840038B-91C2-44F0-985D-6A247C3C031E}.MinSizeRel|Win32.Build.0 = MinSizeRel|Win32
		{F840038B-91C2-44F0-985D-6A247C3C031E}.RelWithDebInfo|Win32.ActiveCfg = RelWithDebInfo|Win32
		{F840038B-91C2-44F0-985D-6A247C3C031E}.RelWithDebInfo|Win32.Build.0 = RelWithDebInfo|Win32
		{938A4AEB-C7C0-4188-8512-3C23DACC685D}.Debug|Win32.ActiveCfg = Debug|Win32
		{938A4AEB-C7C0-4188-8512-3C23DACC685D}.Debug|Win32.Build.0 = Debug|Win32
		{938A4AEB-C7C0-4188-8512-3C23DACC685D}.Release|Win32.ActiveCfg = Release|Win32
		{938A4AEB-C7C0-4188-8512-3C23DACC685D}.Release|Win32.Build.0 = Release|Win32
		{938A4AEB-C7C0-4188-8512-3C23DACC685D}.MinSizeRel|Win32.ActiveCfg = MinSizeRel|Win32
		{938A4AEB-C7C0-4188-8512-3C23DACC685D}.MinSizeRel|Win32.Build.0 = MinSizeRel|Win32
		{938A4AEB-C7C0-4188-8512-3C23DACC685D}.RelWithDebInfo|Win32.ActiveCfg = RelWithDebInfo|Win32
		{938A4AEB-C7C0-4188-8512-3C23DACC685D}.RelWithDebInfo|Win32.Build.0 = RelWithDebInfo|Win32
		{C1AE1E5B-B6E3-489F-8969-D0F65CE18855}.Debug|Win32.ActiveCfg = Debug|Win32
		{C1AE1E5B-B6E3-489F-8969-D0F65CE18855}.Debug|Win32.Build.0 = Debug|Win32
		{C1AE1E5B-B6E3-489F-8969-D0F65CE18855}.Release|Win32.ActiveCfg = Release|Win32
		{C1AE1E5B-B6E3-489F-8969-D0F65CE18855}.Release|Win32.Build.0 = Release|Win32
		{C1AE1E5B-B6E3-489F-8969-D0F65CE18855}.MinSizeRel|Win32.ActiveCfg = MinSizeRel|Win32
		{C1AE1E5B-B6E3-489F-8969-D0F65CE18855}.MinSizeRel|Win32.Build.0 = MinSizeRel|Win32
		{C1AE1E5B-B6E3-489F-8969-D0F65CE18855}.RelWithDebInfo|Win32.ActiveCfg = RelWithDebInfo|Win32
		{C1AE1E5B-B6E3-489F-8969-D0F65CE18855}.RelWithDebInfo|Win32.Build.0 = RelWithDebInfo|Win32
		{F5F61603-1200-441E-8EDB-AC30E597CEE2}.Debug|Win32.ActiveCfg = Debug|Win32
		{F5F61603-1200-441E-8EDB-AC30E597CEE2}.Debug|Win32.Build.0 = Debug|Win32
		{F5F61603-1200-441E-8EDB-AC30E597CEE2}.Release|Win32.ActiveCfg = Release|Win32
		{F5F61603-1200-441E-8EDB-AC30E597CEE2}.Release|Win32.Build.0 = Release|Win32
		{F5F61603-1200-441E-8EDB-AC30E597CEE2}.MinSizeRel|Win32.ActiveCfg = MinSizeRel|Win32
		{F5F61603-1200-441E-8EDB-AC30E597CEE2}.MinSizeRel|Win32.Build.0 = MinSizeRel|Win32
		{F5F61603-1200-441E-8EDB-AC30E597CEE2}.RelWithDebInfo|Win32.ActiveCfg = RelWithDebInfo|Win32
		{F5F61603-1200-441E-8EDB-AC30E597CEE2}.RelWithDebInfo|Win32.Build.0 = RelWithDebInfo|Win32
		{8BEEF5ED-85FF-46FC-8453-31CE913DF77A}.Debug|Win32.ActiveCfg = Debug|Win32
		{8BEEF5ED-85FF-46FC-8453-31CE913DF77A}.Debug|Win32.Build.0 = Debug|Win32
		{8BEEF5ED-85FF-46FC-8453-31CE913DF77A}.Release|Win32.ActiveCfg = Release|Win32
		{8BEEF5ED-85FF-46FC-8453-31CE913DF77A}.Release|Win32.Build.0 = Release|Win32
		{8BEEF5ED-85FF-46FC-8453-31CE913DF77A}.MinSizeRel|Win32.ActiveCfg = MinSizeRel|Win32
		{8BEEF5ED-85FF-46FC-8453-31CE913DF77A}.MinSizeRel|Win32.Build.0 = MinSizeRel|Win32
		{8BEEF5ED-85FF-46FC-8453-31CE913DF77A}.RelWithDebInfo|Win32.ActiveCfg = RelWithDebInfo|Win32
		{8BEEF5ED-85FF-46FC-8453-31CE913DF77A}.RelWithDebInfo|Win32.Build.0 = RelWithDebInfo|Win32
		{8E790C0E-E8E9-4D38-BBD2-DC8A346175FE}.Debug|Win32.ActiveCfg = Debug|Win32
		{8E790C0E-E8E9-4D38-BBD2-DC8A346175FE}.Debug|Win32.Build.0 = Debug|Win32
		{8E790C0E-E8E9-4D38-BBD2-DC8A346175FE}.Release|Win32.ActiveCfg = Release|Win32
		{8E790C0E-E8E9-4D38-BBD2-DC8A346175FE}.Release|Win32.Build.0 = Release|Win32
		{8E790C0E-E8E9-4D38-BBD2-DC8A346175FE}.MinSizeRel|Win32.ActiveCfg = MinSizeRel|Win32
		{8E790C0E-E8E9-4D38-BBD2-DC8A346175FE}.MinSizeRel|Win32.Build.0 = MinSizeRel|Win32
		{8E790C0E-E8E9-4D38-BBD2-DC8A346175FE}.RelWithDebInfo|Win32.ActiveCfg = RelWithDebInfo|Win32
		{8E790C0E-E8E9-4D38-BBD2-DC8A346175FE}.RelWithDebInfo|Win32.Build.0 = RelWithDebInfo|Win32
		{8021D082-F9DF-41CC-BA19-DD94666FECB6}.Debug|Win32.ActiveCfg = Debug|Win32
		{8021D082-F9DF-41CC-BA19-DD94666FECB6}.Debug|Win32.Build.0 = Debug|Win32
		{8021D082-F9DF-41CC-BA19-DD94666FECB6}.Release|Win32.ActiveCfg = Release|Win32
		{8021D082-F9DF-41CC-BA19-DD94666FECB6}.Release|Win32.Build.0 = Release|Win32
		{8021D082-F9DF-41CC-BA19-DD94666FECB6}.MinSizeRel|Win32.ActiveCfg = MinSizeRel|Win32
		{8021D082-F9DF-41CC-BA19-DD94666FECB6}.MinSizeRel|Win32.Build.0 = MinSizeRel|Win32
		{8021D082-F9DF-41CC-BA19-DD94666FECB6}.RelWithDebInfo|Win32.ActiveCfg = RelWithDebInfo|Win32
		{8021D082-F9DF-41CC-BA19-DD94666FECB6}.RelWithDebInfo|Win32.Build.0 = RelWithDebInfo|Win32
		{E01F2F6D-EEBE-4AD7-BBCD-9511AA4F6908}.Debug|Win32.ActiveCfg = Debug|Win32
		{E01F2F6D-EEBE-4AD7-BBCD-9511AA4F6908}.Debug|Win32.Build.0 = Debug|Win32
		{E01F2F6D-EEBE-4AD7-BBCD-9511AA4F6908}.Release|Win32.ActiveCfg = Release|Win32
		{E01F2F6D-EEBE-4AD7-BBCD-9511AA4F6908}.Release|Win32.Build.0 = Release|Win32
		{E01F2F6D-EEBE-4AD7-BBCD-9511AA4F6908}.MinSizeRel|Win32.ActiveCfg = MinSizeRel|Win32
		{E01F2F6D-EEBE-4AD7-BBCD-9511AA4F6908}.MinSizeRel|Win32.Build.0 = MinSizeRel|Win32
		{E01F2F6D-EEBE-4AD7-BBCD-9511AA4F6908}.RelWithDebInfo|Win32.ActiveCfg = RelWithDebInfo|Win32
		{E01F2F6D-EEBE-4AD7-BBCD-9511AA4F6908}.RelWithDebInfo|Win32.Build.0 = RelWithDebInfo|Win32
		{CFC64F87-0EF4-4377-8409-6C0694EB3BDD}.Debug|Win32.ActiveCfg = Debug|Win32
		{CFC64F87-0EF4-4377-8409-6C0694EB3BDD}.Debug|Win32.Build.0 = Debug|Win32
		{CFC64F87-0EF4-4377-8409-6C0694EB3BDD}.Release|Win32.ActiveCfg = Release|Win32
		{CFC64F87-0EF4-4377-8409-6C0694EB3BDD}.Release|Win32.Build.0 = Release|Win32
		{CFC64F87-0EF4-4377-8409-6C0694EB3BDD}.MinSizeRel|Win32.ActiveCfg = MinSizeRel|Win32
		{CFC64F87-0EF4-4377-8409-6C0694EB3BDD}.MinSizeRel|Win32.Build.0 = MinSizeRel|Win32
		{CFC64F87-0EF4-4377-8409-6C0694EB3BDD}.RelWithDebInfo|Win32.ActiveCfg = RelWithDebInfo|Win32
		{CFC64F87-0EF4-4377-8409-6C0694EB3BDD}.RelWithDebInfo|Win32.Build.0 = RelWithDebInfo|Win32
		{A8E5AA4B-D93A-4948-BB26-10AD469855B5}.Debug|Win32.ActiveCfg = Debug|Win32
		{A8E5AA4B-D93A-4948-BB26-10AD469855B5}.Debug|Win32.Build.0 = Debug|Win32
		{A8E5AA4B-D93A-4948-BB26-10AD469855B5}.Release|Win32.ActiveCfg = Release|Win32
		{A8E5AA4B-D93A-4948-BB26-10AD469855B5}.Release|Win32.Build.0 = Release|Win32
		{A8E5AA4B-D93A-4948-BB26-10AD469855B5}.MinSizeRel|Win32.ActiveCfg = MinSizeRel|Win32
		{A8E5AA4B-D93A-4948-BB26-10AD469855B5}.MinSizeRel|Win32.Build.0 = MinSizeRel|Win32
		{A8E5AA4B-D93A-4948-BB26-10AD469855B5}.RelWithDebInfo|Win32.ActiveCfg = RelWithDebInfo|Win32
		{A8E5AA4B-D93A-4948-BB26-10AD469855B5}.RelWithDebInfo|Win32.Build.0 = RelWithDebInfo|Win32
		{76714CCC-B924-474C-8634-2A3FFF8CD6D7}.Debug|Win32.ActiveCfg = Debug|Win32
		{76714CCC-B924-474C-8634-2A3FFF8CD6D7}.Debug|Win32.Build.0 = Debug|Win32
		{76714CCC-B924-474C-8634-2A3FFF8CD6D7}.Release|Win32.ActiveCfg = Release|Win32
		{76714CCC-B924-474C-8634-2A3FFF8CD6D7}.Release|Win32.Build.0 = Release|Win32
		{76714CCC-B924-474C-8634-2A3FFF8CD6D7}.MinSizeRel|Win32.ActiveCfg = MinSizeRel|Win32
		{76714CCC-B924-474C-8634-2A3FFF8CD6D7}.MinSizeRel|Win32.Build.0 = MinSizeRel|Win32
		{76714CCC-B924-474C-8634-2A3FFF8CD6D7}.RelWithDebInfo|Win32.ActiveCfg = RelWithDebInfo|Win32
		{76714CCC-B924-474C-8634-2A3FFF8CD6D7}.RelWithDebInfo|Win32.Build.0 = RelWithDebInfo|Win32
		{E994B9E4-13B8-4E08-8D22-AF46A89CCB7A}.Debug|Win32.ActiveCfg = Debug|Win32
		{E994B9E4-13B8-4E08-8D22-AF46A89CCB7A}.Debug|Win32.Build.0 = Debug|Win32
		{E994B9E4-13B8-4E08-8D22-AF46A89CCB7A}.Release|Win32.ActiveCfg = Release|Win32
		{E994B9E4-13B8-4E08-8D22-AF46A89CCB7A}.Release|Win32.Build.0 = Release|Win32
		{E994B9E4-13B8-4E08-8D22-AF46A89CCB7A}.MinSizeRel|Win32.ActiveCfg = MinSizeRel|Win32
		{E994B9E4-13B8-4E08-8D22-AF46A89CCB7A}.MinSizeRel|Win32.Build.0 = MinSizeRel|Win32
		{E994B9E4-13B8-4E08-8D22-AF46A89CCB7A}.RelWithDebInfo|Win32.ActiveCfg = RelWithDebInfo|Win32
		{E994B9E4-13B8-4E08-8D22-AF46A89CCB7A}.RelWithDebInfo|Win32.Build.0 = RelWithDebInfo|Win32
		{5C1D8CA3-F699-4B0F-95D1-F35825EEB040}.Debug|Win32.ActiveCfg = Debug|Win32
		{5C1D8CA3-F699-4B0F-95D1-F35825EEB040}.Debug|Win32.Build.0 = Debug|Win32
		{5C1D8CA3-F699-4B0F-95D1-F35825EEB040}.Release|Win32.ActiveCfg = Release|Win32
		{5C1D8CA3-F699-4B0F-95D1-F35825EEB040}.Release|Win32.Build.0 = Release|Win32
		{5C1D8CA3-F699-4B0F-95D1-F35825EEB040}.MinSizeRel|Win32.ActiveCfg = MinSizeRel|Win32
		{5C1D8CA3-F699-4B0F-95D1-F35825EEB040}.MinSizeRel|Win32.Build.0 = MinSizeRel|Win32
		{5C1D8CA3-F699-4B0F-95D1-F35825EEB040}.RelWithDebInfo|Win32.ActiveCfg = RelWithDebInfo|Win32
		{5C1D8CA3-F699-4B0F-95D1-F35825EEB040}.RelWithDebInfo|Win32.Build.0 = RelWithDebInfo|Win32
		{9D6B77BD-8A3F-43B0-A510-8C17E319FB28}.Debug|Win32.ActiveCfg = Debug|Win32
		{9D6B77BD-8A3F-43B0-A510-8C17E319FB28}.Debug|Win32.Build.0 = Debug|Win32
		{9D6B77BD-8A3F-43B0-A510-8C17E319FB28}.Release|Win32.ActiveCfg = Release|Win32
		{9D6B77BD-8A3F-43B0-A510-8C17E319FB28}.Release|Win32.Build.0 = Release|Win32
		{9D6B77BD-8A3F-43B0-A510-8C17E319FB28}.MinSizeRel|Win32.ActiveCfg = MinSizeRel|Win32
		{9D6B77BD-8A3F-43B0-A510-8C17E319FB28}.MinSizeRel|Win32.Build.0 = MinSizeRel|Win32
		{9D6B77BD-8A3F-43B0-A510-8C17E319FB28}.RelWithDebInfo|Win32.ActiveCfg = RelWithDebInfo|Win32
		{9D6B77BD-8A3F-43B0-A510-8C17E319FB28}.RelWithDebInfo|Win32.Build.0 = RelWithDebInfo|Win32
		{1DF55A92-A50E-4135-BB79-56A4014E9477}.Debug|Win32.ActiveCfg = Debug|Win32
		{1DF55A92-A50E-4135-BB79-56A4014E9477}.Debug|Win32.Build.0 = Debug|Win32
		{1DF55A92-A50E-4135-BB79-56A4014E9477}.Release|Win32.ActiveCfg = Release|Win32
		{1DF55A92-A50E-4135-BB79-56A4014E9477}.Release|Win32.Build.0 = Release|Win32
		{1DF55A92-A50E-4135-BB79-56A4014E9477}.MinSizeRel|Win32.ActiveCfg = MinSizeRel|Win32
		{1DF55A92-A50E-4135-BB79-56A4014E9477}.MinSizeRel|Win32.Build.0 = MinSizeRel|Win32
		{1DF55A92-A50E-4135-BB79-56A4014E9477}.RelWithDebInfo|Win32.ActiveCfg = RelWithDebInfo|Win32
		{1DF55A92-A50E-4135-BB79-56A4014E9477}.RelWithDebInfo|Win32.Build.0 = RelWithDebInfo|Win32
		{831E5AC8-6043-4581-BB13-DC49DECC1885}.Debug|Win32.ActiveCfg = Debug|Win32
		{831E5AC8-6043-4581-BB13-DC49DECC1885}.Debug|Win32.Build.0 = Debug|Win32
		{831E5AC8-6043-4581-BB13-DC49DECC1885}.Release|Win32.ActiveCfg = Release|Win32
		{831E5AC8-6043-4581-BB13-DC49DECC1885}.Release|Win32.Build.0 = Release|Win32
		{831E5AC8-6043-4581-BB13-DC49DECC1885}.MinSizeRel|Win32.ActiveCfg = MinSizeRel|Win32
		{831E5AC8-6043-4581-BB13-DC49DECC1885}.MinSizeRel|Win32.Build.0 = MinSizeRel|Win32
		{831E5AC8-6043-4581-BB13-DC49DECC1885}.RelWithDebInfo|Win32.ActiveCfg = RelWithDebInfo|Win32
		{831E5AC8-6043-4581-BB13-DC49DECC1885}.RelWithDebInfo|Win32.Build.0 = RelWithDebInfo|Win32
		{8DFB0420-8322-451E-96CC-2289BD125132}.Debug|Win32.ActiveCfg = Debug|Win32
		{8DFB0420-8322-451E-96CC-2289BD125132}.Debug|Win32.Build.0 = Debug|Win32
		{8DFB0420-8322-451E-96CC-2289BD125132}.Release|Win32.ActiveCfg = Release|Win32
		{8DFB0420-8322-451E-96CC-2289BD125132}.Release|Win32.Build.0 = Release|Win32
		{8DFB0420-8322-451E-96CC-2289BD125132}.MinSizeRel|Win32.ActiveCfg = MinSizeRel|Win32
		{8DFB0420-8322-451E-96CC-2289BD125132}.MinSizeRel|Win32.Build.0 = MinSizeRel|Win32
		{8DFB0420-8322-451E-96CC-2289BD125132}.RelWithDebInfo|Win32.ActiveCfg = RelWithDebInfo|Win32
		{8DFB0420-8322-451E-96CC-2289BD125132}.RelWithDebInfo|Win32.Build.0 = RelWithDebInfo|Win32
		{A473ADA2-9647-4AF6-A071-9A125708785A}.Debug|Win32.ActiveCfg = Debug|Win32
		{A473ADA2-9647-4AF6-A071-9A125708785A}.Debug|Win32.Build.0 = Debug|Win32
		{A473ADA2-9647-4AF6-A071-9A125708785A}.Release|Win32.ActiveCfg = Release|Win32
		{A473ADA2-9647-4AF6-A071-9A125708785A}.Release|Win32.Build.0 = Release|Win32
		{A473ADA2-9647-4AF6-A071-9A125708785A}.MinSizeRel|Win32.ActiveCfg = MinSizeRel|Win32
		{A473ADA2-9647-4AF6-A071-9A125708785A}.MinSizeRel|Win32.Build.0 = MinSizeRel|Win32
		{A473ADA2-9647-4AF6-A071-9A125708785A}.RelWithDebInfo|Win32.ActiveCfg = RelWithDebInfo|Win32
		{A473ADA2-9647-4AF6-A071-9A125708785A}.RelWithDebInfo|Win32.Build.0 = RelWithDebInfo|Win32
		{0B3D5BE4-217B-4177-AE1C-1F9255E0453B}.Debug|Win32.ActiveCfg = Debug|Win32
		{0B3D5BE4-217B-4177-AE1C-1F9255E0453B}.Debug|Win32.Build.0 = Debug|Win32
		{0B3D5BE4-217B-4177-AE1C-1F9255E0453B}.Release|Win32.ActiveCfg = Release|Win32
		{0B3D5BE4-217B-4177-AE1C-1F9255E0453B}.Release|Win32.Build.0 = Release|Win32
		{0B3D5BE4-217B-4177-AE1C-1F9255E0453B}.MinSizeRel|Win32.ActiveCfg = MinSizeRel|Win32
		{0B3D5BE4-217B-4177-AE1C-1F9255E0453B}.MinSizeRel|Win32.Build.0 = MinSizeRel|Win32
		{0B3D5BE4-217B-4177-AE1C-1F9255E0453B}.RelWithDebInfo|Win32.ActiveCfg = RelWithDebInfo|Win32
		{0B3D5BE4-217B-4177-AE1C-1F9255E0453B}.RelWithDebInfo|Win32.Build.0 = RelWithDebInfo|Win32
		{3B99CC96-2F77-4371-BD40-67B06CBF3FDC}.Debug|Win32.ActiveCfg = Debug|Win32
		{3B99CC96-2F77-4371-BD40-67B06CBF3FDC}.Debug|Win32.Build.0 = Debug|Win32
		{3B99CC96-2F77-4371-BD40-67B06CBF3FDC}.Release|Win32.ActiveCfg = Release|Win32
		{3B99CC96-2F77-4371-BD40-67B06CBF3FDC}.Release|Win32.Build.0 = Release|Win32
		{3B99CC96-2F77-4371-BD40-67B06CBF3FDC}.MinSizeRel|Win32.ActiveCfg = MinSizeRel|Win32
		{3B99CC96-2F77-4371-BD40-67B06CBF3FDC}.MinSizeRel|Win32.Build.0 = MinSizeRel|Win32
		{3B99CC96-2F77-4371-BD40-67B06CBF3FDC}.RelWithDebInfo|Win32.ActiveCfg = RelWithDebInfo|Win32
		{3B99CC96-2F77-4371-BD40-67B06CBF3FDC}.RelWithDebInfo|Win32.Build.0 = RelWithDebInfo|Win32
		{DA39F37C-18F4-410B-8121-2442A1D7AF90}.Debug|Win32.ActiveCfg = Debug|Win32
		{DA39F37C-18F4-410B-8121-2442A1D7AF90}.Debug|Win32.Build.0 = Debug|Win32
		{DA39F37C-18F4-410B-8121-2442A1D7AF90}.Release|Win32.ActiveCfg = Release|Win32
		{DA39F37C-18F4-410B-8121-2442A1D7AF90}.Release|Win32.Build.0 = Release|Win32
		{DA39F37C-18F4-410B-8121-2442A1D7AF90}.MinSizeRel|Win32.ActiveCfg = MinSizeRel|Win32
		{DA39F37C-18F4-410B-8121-2442A1D7AF90}.MinSizeRel|Win32.Build.0 = MinSizeRel|Win32
		{DA39F37C-18F4-410B-8121-2442A1D7AF90}.RelWithDebInfo|Win32.ActiveCfg = RelWithDebInfo|Win32
		{DA39F37C-18F4-410B-8121-2442A1D7AF90}.RelWithDebInfo|Win32.Build.0 = RelWithDebInfo|Win32
		{16E1F6E2-5BD2-4C78-9E13-08899653C3D0}.Debug|Win32.ActiveCfg = Debug|Win32
		{16E1F6E2-5BD2-4C78-9E13-08899653C3D0}.Debug|Win32.Build.0 = Debug|Win32
		{16E1F6E2-5BD2-4C78-9E13-08899653C3D0}.Release|Win32.ActiveCfg = Release|Win32
		{16E1F6E2-5BD2-4C78-9E13-08899653C3D0}.Release|Win32.Build.0 = Release|Win32
		{16E1F6E2-5BD2-4C78-9E13-08899653C3D0}.MinSizeRel|Win32.ActiveCfg = MinSizeRel|Win32
		{16E1F6E2-5BD2-4C78-9E13-08899653C3D0}.MinSizeRel|Win32.Build.0 = MinSizeRel|Win32
		{16E1F6E2-5BD2-4C78-9E13-08899653C3D0}.RelWithDebInfo|Win32.ActiveCfg = RelWithDebInfo|Win32
		{16E1F6E2-5BD2-4C78-9E13-08899653C3D0}.RelWithDebInfo|Win32.Build.0 = RelWithDebInfo|Win32
		{90976E40-454E-41CC-86ED-62D68716BCAA}.Debug|Win32.ActiveCfg = Debug|Win32
		{90976E40-454E-41CC-86ED-62D68716BCAA}.Debug|Win32.Build.0 = Debug|Win32
		{90976E40-454E-41CC-86ED-62D68716BCAA}.Release|Win32.ActiveCfg = Release|Win32
		{90976E40-454E-41CC-86ED-62D68716BCAA}.Release|Win32.Build.0 = Release|Win32
		{90976E40-454E-41CC-86ED-62D68716BCAA}.MinSizeRel|Win32.ActiveCfg = MinSizeRel|Win32
		{90976E40-454E-41CC-86ED-62D68716BCAA}.MinSizeRel|Win32.Build.0 = MinSizeRel|Win32
		{90976E40-454E-41CC-86ED-62D68716BCAA}.RelWithDebInfo|Win32.ActiveCfg = RelWithDebInfo|Win32
		{90976E40-454E-41CC-86ED-62D68716BCAA}.RelWithDebInfo|Win32.Build.0 = RelWithDebInfo|Win32
		{E0E49BEA-1791-4EA4-AAD2-16025E44FD2E}.Debug|Win32.ActiveCfg = Debug|Win32
		{E0E49BEA-1791-4EA4-AAD2-16025E44FD2E}.Debug|Win32.Build.0 = Debug|Win32
		{E0E49BEA-1791-4EA4-AAD2-16025E44FD2E}.Release|Win32.ActiveCfg = Release|Win32
		{E0E49BEA-1791-4EA4-AAD2-16025E44FD2E}.Release|Win32.Build.0 = Release|Win32
		{E0E49BEA-1791-4EA4-AAD2-16025E44FD2E}.MinSizeRel|Win32.ActiveCfg = MinSizeRel|Win32
		{E0E49BEA-1791-4EA4-AAD2-16025E44FD2E}.MinSizeRel|Win32.Build.0 = MinSizeRel|Win32
		{E0E49BEA-1791-4EA4-AAD2-16025E44FD2E}.RelWithDebInfo|Win32.ActiveCfg = RelWithDebInfo|Win32
		{E0E49BEA-1791-4EA4-AAD2-16025E44FD2E}.RelWithDebInfo|Win32.Build.0 = RelWithDebInfo|Win32
		{82578A20-C444-4F09-8123-675CF734A5FC}.Debug|Win32.ActiveCfg = Debug|Win32
		{82578A20-C444-4F09-8123-675CF734A5FC}.Debug|Win32.Build.0 = Debug|Win32
		{82578A20-C444-4F09-8123-675CF734A5FC}.Release|Win32.ActiveCfg = Release|Win32
		{82578A20-C444-4F09-8123-675CF734A5FC}.Release|Win32.Build.0 = Release|Win32
		{82578A20-C444-4F09-8123-675CF734A5FC}.MinSizeRel|Win32.ActiveCfg = MinSizeRel|Win32
		{82578A20-C444-4F09-8123-675CF734A5FC}.MinSizeRel|Win32.Build.0 = MinSizeRel|Win32
		{82578A20-C444-4F09-8123-675CF734A5FC}.RelWithDebInfo|Win32.ActiveCfg = RelWithDebInfo|Win32
		{82578A20-C444-4F09-8123-675CF734A5FC}.RelWithDebInfo|Win32.Build.0 = RelWithDebInfo|Win32
		{E13CEEF5-DB1E-452D-B772-AFB52AE6DBCB}.Debug|Win32.ActiveCfg = Debug|Win32
		{E13CEEF5-DB1E-452D-B772-AFB52AE6DBCB}.Debug|Win32.Build.0 = Debug|Win32
		{E13CEEF5-DB1E-452D-B772-AFB52AE6DBCB}.Release|Win32.ActiveCfg = Release|Win32
		{E13CEEF5-DB1E-452D-B772-AFB52AE6DBCB}.Release|Win32.Build.0 = Release|Win32
		{E13CEEF5-DB1E-452D-B772-AFB52AE6DBCB}.MinSizeRel|Win32.ActiveCfg = MinSizeRel|Win32
		{E13CEEF5-DB1E-452D-B772-AFB52AE6DBCB}.MinSizeRel|Win32.Build.0 = MinSizeRel|Win32
		{E13CEEF5-DB1E-452D-B772-AFB52AE6DBCB}.RelWithDebInfo|Win32.ActiveCfg = RelWithDebInfo|Win32
		{E13CEEF5-DB1E-452D-B772-AFB52AE6DBCB}.RelWithDebInfo|Win32.Build.0 = RelWithDebInfo|Win32
		{F2DCC48B-0841-4271-A523-2DD92E9F9B46}.Debug|Win32.ActiveCfg = Debug|Win32
		{F2DCC48B-0841-4271-A523-2DD92E9F9B46}.Debug|Win32.Build.0 = Debug|Win32
		{F2DCC48B-0841-4271-A523-2DD92E9F9B46}.Release|Win32.ActiveCfg = Release|Win32
		{F2DCC48B-0841-4271-A523-2DD92E9F9B46}.Release|Win32.Build.0 = Release|Win32
		{F2DCC48B-0841-4271-A523-2DD92E9F9B46}.MinSizeRel|Win32.ActiveCfg = MinSizeRel|Win32
		{F2DCC48B-0841-4271-A523-2DD92E9F9B46}.MinSizeRel|Win32.Build.0 = MinSizeRel|Win32
		{F2DCC48B-0841-4271-A523-2DD92E9F9B46}.RelWithDebInfo|Win32.ActiveCfg = RelWithDebInfo|Win32
		{F2DCC48B-0841-4271-A523-2DD92E9F9B46}.RelWithDebInfo|Win32.Build.0 = RelWithDebInfo|Win32
		{1E5506A2-972D-4A13-8ECB-7DEB4AF58938}.Debug|Win32.ActiveCfg = Debug|Win32
		{1E5506A2-972D-4A13-8ECB-7DEB4AF58938}.Debug|Win32.Build.0 = Debug|Win32
		{1E5506A2-972D-4A13-8ECB-7DEB4AF58938}.Release|Win32.ActiveCfg = Release|Win32
		{1E5506A2-972D-4A13-8ECB-7DEB4AF58938}.Release|Win32.Build.0 = Release|Win32
		{1E5506A2-972D-4A13-8ECB-7DEB4AF58938}.MinSizeRel|Win32.ActiveCfg = MinSizeRel|Win32
		{1E5506A2-972D-4A13-8ECB-7DEB4AF58938}.MinSizeRel|Win32.Build.0 = MinSizeRel|Win32
		{1E5506A2-972D-4A13-8ECB-7DEB4AF58938}.RelWithDebInfo|Win32.ActiveCfg = RelWithDebInfo|Win32
		{1E5506A2-972D-4A13-8ECB-7DEB4AF58938}.RelWithDebInfo|Win32.Build.0 = RelWithDebInfo|Win32
		{75EDD423-2A36-4C69-BCA4-AA75AEE2B0E7}.Debug|Win32.ActiveCfg = Debug|Win32
		{75EDD423-2A36-4C69-BCA4-AA75AEE2B0E7}.Debug|Win32.Build.0 = Debug|Win32
		{75EDD423-2A36-4C69-BCA4-AA75AEE2B0E7}.Release|Win32.ActiveCfg = Release|Win32
		{75EDD423-2A36-4C69-BCA4-AA75AEE2B0E7}.Release|Win32.Build.0 = Release|Win32
		{75EDD423-2A36-4C69-BCA4-AA75AEE2B0E7}.MinSizeRel|Win32.ActiveCfg = MinSizeRel|Win32
		{75EDD423-2A36-4C69-BCA4-AA75AEE2B0E7}.MinSizeRel|Win32.Build.0 = MinSizeRel|Win32
		{75EDD423-2A36-4C69-BCA4-AA75AEE2B0E7}.RelWithDebInfo|Win32.ActiveCfg = RelWithDebInfo|Win32
		{75EDD423-2A36-4C69-BCA4-AA75AEE2B0E7}.RelWithDebInfo|Win32.Build.0 = RelWithDebInfo|Win32
		{D91214C6-0629-4530-BC26-F0B6B196D75D}.Debug|Win32.ActiveCfg = Debug|Win32
		{D91214C6-0629-4530-BC26-F0B6B196D75D}.Debug|Win32.Build.0 = Debug|Win32
		{D91214C6-0629-4530-BC26-F0B6B196D75D}.Release|Win32.ActiveCfg = Release|Win32
		{D91214C6-0629-4530-BC26-F0B6B196D75D}.Release|Win32.Build.0 = Release|Win32
		{D91214C6-0629-4530-BC26-F0B6B196D75D}.MinSizeRel|Win32.ActiveCfg = MinSizeRel|Win32
		{D91214C6-0629-4530-BC26-F0B6B196D75D}.MinSizeRel|Win32.Build.0 = MinSizeRel|Win32
		{D91214C6-0629-4530-BC26-F0B6B196D75D}.RelWithDebInfo|Win32.ActiveCfg = RelWithDebInfo|Win32
		{D91214C6-0629-4530-BC26-F0B6B196D75D}.RelWithDebInfo|Win32.Build.0 = RelWithDebInfo|Win32
		{C986D643-2173-45EA-AE01-07CD5FA984E5}.Debug|Win32.ActiveCfg = Debug|Win32
		{C986D643-2173-45EA-AE01-07CD5FA984E5}.Debug|Win32.Build.0 = Debug|Win32
		{C986D643-2173-45EA-AE01-07CD5FA984E5}.Release|Win32.ActiveCfg = Release|Win32
		{C986D643-2173-45EA-AE01-07CD5FA984E5}.Release|Win32.Build.0 = Release|Win32
		{C986D643-2173-45EA-AE01-07CD5FA984E5}.MinSizeRel|Win32.ActiveCfg = MinSizeRel|Win32
		{C986D643-2173-45EA-AE01-07CD5FA984E5}.MinSizeRel|Win32.Build.0 = MinSizeRel|Win32
		{C986D643-2173-45EA-AE01-07CD5FA984E5}.RelWithDebInfo|Win32.ActiveCfg = RelWithDebInfo|Win32
		{C986D643-2173-45EA-AE01-07CD5FA984E5}.RelWithDebInfo|Win32.Build.0 = RelWithDebInfo|Win32
	EndGlobalSection
	GlobalSection(ExtensibilityGlobals) = postSolution
	EndGlobalSection
	GlobalSection(ExtensibilityAddIns) = postSolution
	EndGlobalSection
EndGlobal
