
Microsoft Visual Studio Solution File, Format Version 11.00
# Visual Studio 2010
Project("{8BC9CEB8-8B4A-11D0-8D11-00A0C91BC942}") = "BulletCollision", "src\BulletCollision\BulletCollision.vcxproj", "{1DF55A92-A50E-4135-BB79-56A4014E9477}"
EndProject
Project("{8BC9CEB8-8B4A-11D0-8D11-00A0C91BC942}") = "BulletDynamics", "src\BulletDynamics\BulletDynamics.vcxproj", "{831E5AC8-6043-4581-BB13-DC49DECC1885}"
EndProject
Project("{8BC9CEB8-8B4A-11D0-8D11-00A0C91BC942}") = "LinearMath", "src\LinearMath\LinearMath.vcxproj", "{1E5506A2-972D-4A13-8ECB-7DEB4AF58938}"
EndProject
Project("{8BC9CEB8-8B4A-11D0-8D11-00A0C91BC942}") = "Living Nexus", "Living Nexus.vcxproj", "{12070C0B-03EB-4B12-8675-3C0746DB2C47}"
EndProject
Global
	GlobalSection(SolutionConfigurationPlatforms) = preSolution
		Debug|Win32 = Debug|Win32
		MinSizeRel|Win32 = MinSizeRel|Win32
		Release|Win32 = Release|Win32
		RelWithDebInfo|Win32 = RelWithDebInfo|Win32
	EndGlobalSection
	GlobalSection(ProjectConfigurationPlatforms) = postSolution
		{1DF55A92-A50E-4135-BB79-56A4014E9477}.Debug|Win32.ActiveCfg = Debug|Win32
		{1DF55A92-A50E-4135-BB79-56A4014E9477}.Debug|Win32.Build.0 = Debug|Win32
		{1DF55A92-A50E-4135-BB79-56A4014E9477}.MinSizeRel|Win32.ActiveCfg = MinSizeRel|Win32
		{1DF55A92-A50E-4135-BB79-56A4014E9477}.MinSizeRel|Win32.Build.0 = MinSizeRel|Win32
		{1DF55A92-A50E-4135-BB79-56A4014E9477}.Release|Win32.ActiveCfg = Release|Win32
		{1DF55A92-A50E-4135-BB79-56A4014E9477}.Release|Win32.Build.0 = Release|Win32
		{1DF55A92-A50E-4135-BB79-56A4014E9477}.RelWithDebInfo|Win32.ActiveCfg = RelWithDebInfo|Win32
		{1DF55A92-A50E-4135-BB79-56A4014E9477}.RelWithDebInfo|Win32.Build.0 = RelWithDebInfo|Win32
		{831E5AC8-6043-4581-BB13-DC49DECC1885}.Debug|Win32.ActiveCfg = Debug|Win32
		{831E5AC8-6043-4581-BB13-DC49DECC1885}.Debug|Win32.Build.0 = Debug|Win32
		{831E5AC8-6043-4581-BB13-DC49DECC1885}.MinSizeRel|Win32.ActiveCfg = MinSizeRel|Win32
		{831E5AC8-6043-4581-BB13-DC49DECC1885}.MinSizeRel|Win32.Build.0 = MinSizeRel|Win32
		{831E5AC8-6043-4581-BB13-DC49DECC1885}.Release|Win32.ActiveCfg = Release|Win32
		{831E5AC8-6043-4581-BB13-DC49DECC1885}.Release|Win32.Build.0 = Release|Win32
		{831E5AC8-6043-4581-BB13-DC49DECC1885}.RelWithDebInfo|Win32.ActiveCfg = RelWithDebInfo|Win32
		{831E5AC8-6043-4581-BB13-DC49DECC1885}.RelWithDebInfo|Win32.Build.0 = RelWithDebInfo|Win32
		{1E5506A2-972D-4A13-8ECB-7DEB4AF58938}.Debug|Win32.ActiveCfg = Debug|Win32
		{1E5506A2-972D-4A13-8ECB-7DEB4AF58938}.Debug|Win32.Build.0 = Debug|Win32
		{1E5506A2-972D-4A13-8ECB-7DEB4AF58938}.MinSizeRel|Win32.ActiveCfg = MinSizeRel|Win32
		{1E5506A2-972D-4A13-8ECB-7DEB4AF58938}.MinSizeRel|Win32.Build.0 = MinSizeRel|Win32
		{1E5506A2-972D-4A13-8ECB-7DEB4AF58938}.Release|Win32.ActiveCfg = Release|Win32
		{1E5506A2-972D-4A13-8ECB-7DEB4AF58938}.Release|Win32.Build.0 = Release|Win32
		{1E5506A2-972D-4A13-8ECB-7DEB4AF58938}.RelWithDebInfo|Win32.ActiveCfg = RelWithDebInfo|Win32
		{1E5506A2-972D-4A13-8ECB-7DEB4AF58938}.RelWithDebInfo|Win32.Build.0 = RelWithDebInfo|Win32
		{12070C0B-03EB-4B12-8675-3C0746DB2C47}.Debug|Win32.ActiveCfg = Debug|Win32
		{12070C0B-03EB-4B12-8675-3C0746DB2C47}.Debug|Win32.Build.0 = Debug|Win32
		{12070C0B-03EB-4B12-8675-3C0746DB2C47}.MinSizeRel|Win32.ActiveCfg = Release|Win32
		{12070C0B-03EB-4B12-8675-3C0746DB2C47}.MinSizeRel|Win32.Build.0 = Release|Win32
		{12070C0B-03EB-4B12-8675-3C0746DB2C47}.Release|Win32.ActiveCfg = Release|Win32
		{12070C0B-03EB-4B12-8675-3C0746DB2C47}.Release|Win32.Build.0 = Release|Win32
		{12070C0B-03EB-4B12-8675-3C0746DB2C47}.RelWithDebInfo|Win32.ActiveCfg = Release|Win32
		{12070C0B-03EB-4B12-8675-3C0746DB2C47}.RelWithDebInfo|Win32.Build.0 = Release|Win32
	EndGlobalSection
	GlobalSection(SolutionProperties) = preSolution
		HideSolutionNode = FALSE
	EndGlobalSection
EndGlobal
