<?xml version="1.0" encoding="utf-8"?>
<Project ToolsVersion="4.0" xmlns="http://schemas.microsoft.com/developer/msbuild/2003">
  <ItemGroup>
    <Filter Include="Widgets">
      <UniqueIdentifier>{9530280b-f1f9-4ec7-a7c9-1c17e70ed506}</UniqueIdentifier>
    </Filter>
    <Filter Include="Widgets\DockedWidget">
      <UniqueIdentifier>{53d3bd7e-353d-4eff-97ba-e106145f2786}</UniqueIdentifier>
    </Filter>
    <Filter Include="LN Source">
      <UniqueIdentifier>{3f7626c6-7281-4d69-9337-1ed99d912813}</UniqueIdentifier>
    </Filter>
    <Filter Include="GameState">
      <UniqueIdentifier>{11e8fbf4-b482-4bc2-980e-e8aa0f491c20}</UniqueIdentifier>
    </Filter>
    <Filter Include="Graphics">
      <UniqueIdentifier>{e8c6e416-9c4e-4cc9-8eed-8e3736961d14}</UniqueIdentifier>
    </Filter>
    <Filter Include="Generated Files">
      <UniqueIdentifier>{71ED8ED8-ACB9-4CE9-BBE1-E00B30144E11}</UniqueIdentifier>
      <Extensions>moc;h;cpp</Extensions>
      <SourceControlFiles>False</SourceControlFiles>
    </Filter>
    <Filter Include="Generated Files\Release">
      <UniqueIdentifier>{29d62f67-d687-4623-a648-9c3fe88ca2ff}</UniqueIdentifier>
      <Extensions>cpp;moc</Extensions>
      <SourceControlFiles>False</SourceControlFiles>
    </Filter>
    <Filter Include="Generated Files\Debug">
      <UniqueIdentifier>{1bd34488-ce4e-44f3-be72-51193ea3dfb1}</UniqueIdentifier>
      <Extensions>cpp;moc</Extensions>
      <SourceControlFiles>False</SourceControlFiles>
    </Filter>
    <Filter Include="Editor">
      <UniqueIdentifier>{bdf89650-5588-4608-8073-157f96484c08}</UniqueIdentifier>
    </Filter>
  </ItemGroup>
  <ItemGroup>
    <ClCompile Include="MainGraphicsWidget.cpp">
      <Filter>Widgets</Filter>
    </ClCompile>
    <ClCompile Include="DockedWidget.cpp">
      <Filter>Widgets\DockedWidget</Filter>
    </ClCompile>
    <ClCompile Include="..\..\AbstractComponent.cpp">
      <Filter>LN Source</Filter>
    </ClCompile>
    <ClCompile Include="..\..\Actor.cpp">
      <Filter>LN Source</Filter>
    </ClCompile>
    <ClCompile Include="..\..\AObjModel.cpp">
      <Filter>LN Source</Filter>
    </ClCompile>
    <ClCompile Include="..\..\AtmosphereBuffer.cpp">
      <Filter>LN Source</Filter>
    </ClCompile>
    <ClCompile Include="..\..\BulletManager.cpp">
      <Filter>LN Source</Filter>
    </ClCompile>
    <ClCompile Include="..\..\Camera.cpp">
      <Filter>LN Source</Filter>
    </ClCompile>
    <ClCompile Include="..\..\CascadedShadowMap.cpp">
      <Filter>LN Source</Filter>
    </ClCompile>
    <ClCompile Include="..\..\Chunk.cpp">
      <Filter>LN Source</Filter>
    </ClCompile>
    <ClCompile Include="..\..\ChunkManager.cpp">
      <Filter>LN Source</Filter>
    </ClCompile>
    <ClCompile Include="..\..\Config.cpp">
      <Filter>LN Source</Filter>
    </ClCompile>
    <ClCompile Include="..\..\DepthBuffer.cpp">
      <Filter>LN Source</Filter>
    </ClCompile>
    <ClCompile Include="..\..\DirectLight.cpp">
      <Filter>LN Source</Filter>
    </ClCompile>
    <ClCompile Include="..\..\FinalBuffer.cpp">
      <Filter>LN Source</Filter>
    </ClCompile>
    <ClCompile Include="..\..\Frustum.cpp">
      <Filter>LN Source</Filter>
    </ClCompile>
    <ClCompile Include="..\..\GameState.cpp">
      <Filter>LN Source</Filter>
    </ClCompile>
    <ClCompile Include="..\..\GameTime.cpp">
      <Filter>LN Source</Filter>
    </ClCompile>
    <ClCompile Include="..\..\GBuffer.cpp">
      <Filter>LN Source</Filter>
    </ClCompile>
    <ClCompile Include="..\..\GLee.c">
      <Filter>LN Source</Filter>
    </ClCompile>
    <ClCompile Include="..\..\GLSLProgram.cpp">
      <Filter>LN Source</Filter>
    </ClCompile>
    <ClCompile Include="..\..\GLSLShader.cpp">
      <Filter>LN Source</Filter>
    </ClCompile>
    <ClCompile Include="..\..\GroundComponent.cpp">
      <Filter>LN Source</Filter>
    </ClCompile>
    <ClCompile Include="..\..\InputManager.cpp">
      <Filter>LN Source</Filter>
    </ClCompile>
    <ClCompile Include="..\..\InventoryComponent.cpp">
      <Filter>LN Source</Filter>
    </ClCompile>
    <ClCompile Include="..\..\Light.cpp">
      <Filter>LN Source</Filter>
    </ClCompile>
    <ClCompile Include="..\..\LightBuffer.cpp">
      <Filter>LN Source</Filter>
    </ClCompile>
    <ClCompile Include="..\..\LoggerHelper.cpp">
      <Filter>LN Source</Filter>
    </ClCompile>
    <ClCompile Include="..\..\main.cpp">
      <Filter>LN Source</Filter>
    </ClCompile>
    <ClCompile Include="..\..\Material.cpp">
      <Filter>LN Source</Filter>
    </ClCompile>
    <ClCompile Include="..\..\MaterialManager.cpp">
      <Filter>LN Source</Filter>
    </ClCompile>
    <ClCompile Include="..\..\Matrix3.cpp">
      <Filter>LN Source</Filter>
    </ClCompile>
    <ClCompile Include="..\..\Matrix4.cpp">
      <Filter>LN Source</Filter>
    </ClCompile>
    <ClCompile Include="..\..\ModelManager.cpp">
      <Filter>LN Source</Filter>
    </ClCompile>
    <ClCompile Include="..\..\MotionBlurBuffer.cpp">
      <Filter>LN Source</Filter>
    </ClCompile>
    <ClCompile Include="..\..\Object.cpp">
      <Filter>LN Source</Filter>
    </ClCompile>
    <ClCompile Include="..\..\PerlinNoise.cpp">
      <Filter>LN Source</Filter>
    </ClCompile>
    <ClCompile Include="..\..\PhysicsManager.cpp">
      <Filter>LN Source</Filter>
    </ClCompile>
    <ClCompile Include="..\..\PhysicsShape.cpp">
      <Filter>LN Source</Filter>
    </ClCompile>
    <ClCompile Include="..\..\Profiler.cpp">
      <Filter>LN Source</Filter>
    </ClCompile>
    <ClCompile Include="..\..\Quaternion.cpp">
      <Filter>LN Source</Filter>
    </ClCompile>
    <ClCompile Include="..\..\Root.cpp">
      <Filter>LN Source</Filter>
    </ClCompile>
    <ClCompile Include="..\..\ShaderManager.cpp">
      <Filter>LN Source</Filter>
    </ClCompile>
    <ClCompile Include="..\..\ShadowMapManager.cpp">
      <Filter>LN Source</Filter>
    </ClCompile>
    <ClCompile Include="..\..\StaticModel.cpp">
      <Filter>LN Source</Filter>
    </ClCompile>
    <ClCompile Include="..\..\Texture.cpp">
      <Filter>LN Source</Filter>
    </ClCompile>
    <ClCompile Include="..\..\TextureManager.cpp">
      <Filter>LN Source</Filter>
    </ClCompile>
    <ClCompile Include="..\..\TgaTexture.cpp">
      <Filter>LN Source</Filter>
    </ClCompile>
    <ClCompile Include="..\..\Tile.cpp">
      <Filter>LN Source</Filter>
    </ClCompile>
    <ClCompile Include="..\..\TileManager.cpp">
      <Filter>LN Source</Filter>
    </ClCompile>
    <ClCompile Include="..\..\TimeManager.cpp">
      <Filter>LN Source</Filter>
    </ClCompile>
    <ClCompile Include="..\..\Transformable.cpp">
      <Filter>LN Source</Filter>
    </ClCompile>
    <ClCompile Include="..\..\Tree.cpp">
      <Filter>LN Source</Filter>
    </ClCompile>
    <ClCompile Include="..\..\User.cpp">
      <Filter>LN Source</Filter>
    </ClCompile>
    <ClCompile Include="..\..\UserSession.cpp">
      <Filter>LN Source</Filter>
    </ClCompile>
    <ClCompile Include="..\..\Vector3.cpp">
      <Filter>LN Source</Filter>
    </ClCompile>
    <ClCompile Include="..\..\Vector4.cpp">
      <Filter>LN Source</Filter>
    </ClCompile>
    <ClCompile Include="..\..\View.cpp">
      <Filter>LN Source</Filter>
    </ClCompile>
    <ClCompile Include="..\..\WorldCamera.cpp">
      <Filter>LN Source</Filter>
    </ClCompile>
    <ClCompile Include="..\..\WorldCameraManager.cpp">
      <Filter>LN Source</Filter>
    </ClCompile>
    <ClCompile Include="..\..\WorldChunks.cpp">
      <Filter>LN Source</Filter>
    </ClCompile>
    <ClCompile Include="..\..\WorldComponent.cpp">
      <Filter>LN Source</Filter>
    </ClCompile>
    <ClCompile Include="..\..\WorldManager.cpp">
      <Filter>LN Source</Filter>
    </ClCompile>
    <ClCompile Include="..\..\WorldRenderer.cpp">
      <Filter>LN Source</Filter>
    </ClCompile>
    <ClCompile Include="..\..\WorldState.cpp">
      <Filter>LN Source</Filter>
    </ClCompile>
    <ClCompile Include="..\..\WorldTiles.cpp">
      <Filter>LN Source</Filter>
    </ClCompile>
    <ClCompile Include="QtCamera.cpp">
      <Filter>Graphics</Filter>
    </ClCompile>
    <ClCompile Include="GeneratedFiles\Release\moc_chunkeditor2.cpp">
      <Filter>Generated Files\Release</Filter>
    </ClCompile>
    <ClCompile Include="GeneratedFiles\Release\moc_MainGraphicsWidget.cpp">
      <Filter>Generated Files\Release</Filter>
    </ClCompile>
    <ClCompile Include="GeneratedFiles\Debug\moc_chunkeditor2.cpp">
      <Filter>Generated Files\Debug</Filter>
    </ClCompile>
    <ClCompile Include="GeneratedFiles\Debug\moc_MainGraphicsWidget.cpp">
      <Filter>Generated Files\Debug</Filter>
    </ClCompile>
    <ClCompile Include="chunkeditor2.cpp">
      <Filter>Generated Files</Filter>
    </ClCompile>
    <ClCompile Include="main.cpp">
      <Filter>Generated Files</Filter>
    </ClCompile>
  </ItemGroup>
  <ItemGroup>
    <ClInclude Include="DockedWidget.h">
      <Filter>Widgets\DockedWidget</Filter>
    </ClInclude>
    <ClInclude Include="NoState.h">
      <Filter>GameState</Filter>
    </ClInclude>
    <ClInclude Include="QtCamera.h">
      <Filter>Graphics</Filter>
    </ClInclude>
    <ClInclude Include="resource.h">
      <Filter>Generated Files</Filter>
    </ClInclude>
    <ClInclude Include="resource1.h">
      <Filter>Generated Files</Filter>
    </ClInclude>
    <ClInclude Include="ChunkEditorController.h">
      <Filter>Editor</Filter>
    </ClInclude>
  </ItemGroup>
  <ItemGroup>
    <CustomBuild Include="MainGraphicsWidget.h">
      <Filter>Widgets</Filter>
    </CustomBuild>
    <CustomBuild Include="chunkeditor2.h">
      <Filter>Generated Files</Filter>
    </CustomBuild>
  </ItemGroup>
</Project>